// !$*UTF8*$!
{
	archiveVersion = 1;
	classes = {
	};
	objectVersion = 50;
	objects = {

/* Begin PBXBuildFile section */
		880C266A26F0EE3F009140CC /* AppDelegate.m in Sources */ = {isa = PBXBuildFile; fileRef = 880C266926F0EE3F009140CC /* AppDelegate.m */; };
		880C267026F0EE3F009140CC /* ViewController.m in Sources */ = {isa = PBXBuildFile; fileRef = 880C266F26F0EE3F009140CC /* ViewController.m */; };
		880C267326F0EE3F009140CC /* Main.storyboard in Resources */ = {isa = PBXBuildFile; fileRef = 880C267126F0EE3F009140CC /* Main.storyboard */; };
		880C267526F0EE41009140CC /* Assets.xcassets in Resources */ = {isa = PBXBuildFile; fileRef = 880C267426F0EE41009140CC /* Assets.xcassets */; };
		880C267826F0EE41009140CC /* LaunchScreen.storyboard in Resources */ = {isa = PBXBuildFile; fileRef = 880C267626F0EE41009140CC /* LaunchScreen.storyboard */; };
		880C267B26F0EE41009140CC /* main.m in Sources */ = {isa = PBXBuildFile; fileRef = 880C267A26F0EE41009140CC /* main.m */; };
		880C268526F0EE60009140CC /* GLProgram.m in Sources */ = {isa = PBXBuildFile; fileRef = 880C268426F0EE60009140CC /* GLProgram.m */; };
		880C268926F0EE75009140CC /* GPUImageContext.m in Sources */ = {isa = PBXBuildFile; fileRef = 880C268826F0EE75009140CC /* GPUImageContext.m */; };
		880C268D26F0EE82009140CC /* GPUImageFramebuffer.m in Sources */ = {isa = PBXBuildFile; fileRef = 880C268C26F0EE82009140CC /* GPUImageFramebuffer.m */; };
		E412F97A26F2E2A6005395F4 /* GPUImageSepiaFilter.m in Sources */ = {isa = PBXBuildFile; fileRef = E412F97826F2E2A6005395F4 /* GPUImageSepiaFilter.m */; };
		E412F97D26F2E2CA005395F4 /* GPUImageColorMatrixFilter.m in Sources */ = {isa = PBXBuildFile; fileRef = E412F97B26F2E2CA005395F4 /* GPUImageColorMatrixFilter.m */; };
		E4438D1026F18729008CAD26 /* GPUImageOutput.m in Sources */ = {isa = PBXBuildFile; fileRef = E4438D0F26F18729008CAD26 /* GPUImageOutput.m */; };
		E4438D1326F19B10008CAD26 /* GPUImageVideoCamera.m in Sources */ = {isa = PBXBuildFile; fileRef = E4438D1226F19B10008CAD26 /* GPUImageVideoCamera.m */; };
		E4438D1626F1A559008CAD26 /* GPUImageFilter.m in Sources */ = {isa = PBXBuildFile; fileRef = E4438D1526F1A559008CAD26 /* GPUImageFilter.m */; };
		E4438D1926F1A5F7008CAD26 /* GPUImageColorConversion.m in Sources */ = {isa = PBXBuildFile; fileRef = E4438D1826F1A5F7008CAD26 /* GPUImageColorConversion.m */; };
		E4438D1C26F1A697008CAD26 /* OpenGLES.framework in Frameworks */ = {isa = PBXBuildFile; fileRef = E4438D1B26F1A697008CAD26 /* OpenGLES.framework */; };
		E4438D1E26F1A6B5008CAD26 /* CoreMedia.framework in Frameworks */ = {isa = PBXBuildFile; fileRef = E4438D1D26F1A6B5008CAD26 /* CoreMedia.framework */; };
		E4438D2126F1D4A3008CAD26 /* GPUImageFramebufferCache.m in Sources */ = {isa = PBXBuildFile; fileRef = E4438D2026F1D4A3008CAD26 /* GPUImageFramebufferCache.m */; };
		E4438D2426F1DC70008CAD26 /* GPUImageView.m in Sources */ = {isa = PBXBuildFile; fileRef = E4438D2326F1DC70008CAD26 /* GPUImageView.m */; };
		E4438D2726F1EC6A008CAD26 /* FMCameraVC.m in Sources */ = {isa = PBXBuildFile; fileRef = E4438D2626F1EC6A008CAD26 /* FMCameraVC.m */; };
/* End PBXBuildFile section */

/* Begin PBXFileReference section */
		880C266526F0EE3E009140CC /* GPUImage.app */ = {isa = PBXFileReference; explicitFileType = wrapper.application; includeInIndex = 0; path = GPUImage.app; sourceTree = BUILT_PRODUCTS_DIR; };
		880C266826F0EE3E009140CC /* AppDelegate.h */ = {isa = PBXFileReference; lastKnownFileType = sourcecode.c.h; path = AppDelegate.h; sourceTree = "<group>"; };
		880C266926F0EE3F009140CC /* AppDelegate.m */ = {isa = PBXFileReference; lastKnownFileType = sourcecode.c.objc; path = AppDelegate.m; sourceTree = "<group>"; };
		880C266E26F0EE3F009140CC /* ViewController.h */ = {isa = PBXFileReference; lastKnownFileType = sourcecode.c.h; path = ViewController.h; sourceTree = "<group>"; };
		880C266F26F0EE3F009140CC /* ViewController.m */ = {isa = PBXFileReference; lastKnownFileType = sourcecode.c.objc; path = ViewController.m; sourceTree = "<group>"; };
		880C267226F0EE3F009140CC /* Base */ = {isa = PBXFileReference; lastKnownFileType = file.storyboard; name = Base; path = Base.lproj/Main.storyboard; sourceTree = "<group>"; };
		880C267426F0EE41009140CC /* Assets.xcassets */ = {isa = PBXFileReference; lastKnownFileType = folder.assetcatalog; path = Assets.xcassets; sourceTree = "<group>"; };
		880C267726F0EE41009140CC /* Base */ = {isa = PBXFileReference; lastKnownFileType = file.storyboard; name = Base; path = Base.lproj/LaunchScreen.storyboard; sourceTree = "<group>"; };
		880C267926F0EE41009140CC /* Info.plist */ = {isa = PBXFileReference; lastKnownFileType = text.plist.xml; path = Info.plist; sourceTree = "<group>"; };
		880C267A26F0EE41009140CC /* main.m */ = {isa = PBXFileReference; lastKnownFileType = sourcecode.c.objc; path = main.m; sourceTree = "<group>"; };
		880C268326F0EE60009140CC /* GLProgram.h */ = {isa = PBXFileReference; lastKnownFileType = sourcecode.c.h; path = GLProgram.h; sourceTree = "<group>"; };
		880C268426F0EE60009140CC /* GLProgram.m */ = {isa = PBXFileReference; lastKnownFileType = sourcecode.c.objc; path = GLProgram.m; sourceTree = "<group>"; };
		880C268726F0EE75009140CC /* GPUImageContext.h */ = {isa = PBXFileReference; lastKnownFileType = sourcecode.c.h; path = GPUImageContext.h; sourceTree = "<group>"; };
		880C268826F0EE75009140CC /* GPUImageContext.m */ = {isa = PBXFileReference; lastKnownFileType = sourcecode.c.objc; path = GPUImageContext.m; sourceTree = "<group>"; };
		880C268B26F0EE82009140CC /* GPUImageFramebuffer.h */ = {isa = PBXFileReference; lastKnownFileType = sourcecode.c.h; path = GPUImageFramebuffer.h; sourceTree = "<group>"; };
		880C268C26F0EE82009140CC /* GPUImageFramebuffer.m */ = {isa = PBXFileReference; lastKnownFileType = sourcecode.c.objc; path = GPUImageFramebuffer.m; sourceTree = "<group>"; };
		E412F97826F2E2A6005395F4 /* GPUImageSepiaFilter.m */ = {isa = PBXFileReference; fileEncoding = 4; lastKnownFileType = sourcecode.c.objc; path = GPUImageSepiaFilter.m; sourceTree = "<group>"; };
		E412F97926F2E2A6005395F4 /* GPUImageSepiaFilter.h */ = {isa = PBXFileReference; fileEncoding = 4; lastKnownFileType = sourcecode.c.h; path = GPUImageSepiaFilter.h; sourceTree = "<group>"; };
		E412F97B26F2E2CA005395F4 /* GPUImageColorMatrixFilter.m */ = {isa = PBXFileReference; fileEncoding = 4; lastKnownFileType = sourcecode.c.objc; path = GPUImageColorMatrixFilter.m; sourceTree = "<group>"; };
		E412F97C26F2E2CA005395F4 /* GPUImageColorMatrixFilter.h */ = {isa = PBXFileReference; fileEncoding = 4; lastKnownFileType = sourcecode.c.h; path = GPUImageColorMatrixFilter.h; sourceTree = "<group>"; };
		E4438D0E26F18729008CAD26 /* GPUImageOutput.h */ = {isa = PBXFileReference; lastKnownFileType = sourcecode.c.h; path = GPUImageOutput.h; sourceTree = "<group>"; };
		E4438D0F26F18729008CAD26 /* GPUImageOutput.m */ = {isa = PBXFileReference; lastKnownFileType = sourcecode.c.objc; path = GPUImageOutput.m; sourceTree = "<group>"; };
		E4438D1126F19B10008CAD26 /* GPUImageVideoCamera.h */ = {isa = PBXFileReference; lastKnownFileType = sourcecode.c.h; path = GPUImageVideoCamera.h; sourceTree = "<group>"; };
		E4438D1226F19B10008CAD26 /* GPUImageVideoCamera.m */ = {isa = PBXFileReference; lastKnownFileType = sourcecode.c.objc; path = GPUImageVideoCamera.m; sourceTree = "<group>"; };
		E4438D1426F1A559008CAD26 /* GPUImageFilter.h */ = {isa = PBXFileReference; lastKnownFileType = sourcecode.c.h; path = GPUImageFilter.h; sourceTree = "<group>"; };
		E4438D1526F1A559008CAD26 /* GPUImageFilter.m */ = {isa = PBXFileReference; lastKnownFileType = sourcecode.c.objc; path = GPUImageFilter.m; sourceTree = "<group>"; };
		E4438D1726F1A5F7008CAD26 /* GPUImageColorConversion.h */ = {isa = PBXFileReference; lastKnownFileType = sourcecode.c.h; path = GPUImageColorConversion.h; sourceTree = "<group>"; };
		E4438D1826F1A5F7008CAD26 /* GPUImageColorConversion.m */ = {isa = PBXFileReference; lastKnownFileType = sourcecode.c.objc; path = GPUImageColorConversion.m; sourceTree = "<group>"; };
		E4438D1B26F1A697008CAD26 /* OpenGLES.framework */ = {isa = PBXFileReference; lastKnownFileType = wrapper.framework; name = OpenGLES.framework; path = System/Library/Frameworks/OpenGLES.framework; sourceTree = SDKROOT; };
		E4438D1D26F1A6B5008CAD26 /* CoreMedia.framework */ = {isa = PBXFileReference; lastKnownFileType = wrapper.framework; name = CoreMedia.framework; path = System/Library/Frameworks/CoreMedia.framework; sourceTree = SDKROOT; };
		E4438D1F26F1D4A3008CAD26 /* GPUImageFramebufferCache.h */ = {isa = PBXFileReference; lastKnownFileType = sourcecode.c.h; path = GPUImageFramebufferCache.h; sourceTree = "<group>"; };
		E4438D2026F1D4A3008CAD26 /* GPUImageFramebufferCache.m */ = {isa = PBXFileReference; lastKnownFileType = sourcecode.c.objc; path = GPUImageFramebufferCache.m; sourceTree = "<group>"; };
		E4438D2226F1DC70008CAD26 /* GPUImageView.h */ = {isa = PBXFileReference; lastKnownFileType = sourcecode.c.h; path = GPUImageView.h; sourceTree = "<group>"; };
		E4438D2326F1DC70008CAD26 /* GPUImageView.m */ = {isa = PBXFileReference; lastKnownFileType = sourcecode.c.objc; path = GPUImageView.m; sourceTree = "<group>"; };
		E4438D2526F1EC6A008CAD26 /* FMCameraVC.h */ = {isa = PBXFileReference; lastKnownFileType = sourcecode.c.h; path = FMCameraVC.h; sourceTree = "<group>"; };
		E4438D2626F1EC6A008CAD26 /* FMCameraVC.m */ = {isa = PBXFileReference; lastKnownFileType = sourcecode.c.objc; path = FMCameraVC.m; sourceTree = "<group>"; };
/* End PBXFileReference section */

/* Begin PBXFrameworksBuildPhase section */
		880C266226F0EE3E009140CC /* Frameworks */ = {
			isa = PBXFrameworksBuildPhase;
			buildActionMask = 2147483647;
			files = (
				E4438D1E26F1A6B5008CAD26 /* CoreMedia.framework in Frameworks */,
				E4438D1C26F1A697008CAD26 /* OpenGLES.framework in Frameworks */,
			);
			runOnlyForDeploymentPostprocessing = 0;
		};
/* End PBXFrameworksBuildPhase section */

/* Begin PBXGroup section */
		880C265C26F0EE3E009140CC = {
			isa = PBXGroup;
			children = (
				880C266726F0EE3E009140CC /* GPUImage */,
				880C266626F0EE3E009140CC /* Products */,
				E4438D1A26F1A697008CAD26 /* Frameworks */,
			);
			sourceTree = "<group>";
		};
		880C266626F0EE3E009140CC /* Products */ = {
			isa = PBXGroup;
			children = (
				880C266526F0EE3E009140CC /* GPUImage.app */,
			);
			name = Products;
			sourceTree = "<group>";
		};
		880C266726F0EE3E009140CC /* GPUImage */ = {
			isa = PBXGroup;
			children = (
				880C268226F0EE48009140CC /* Source */,
				880C266826F0EE3E009140CC /* AppDelegate.h */,
				880C266926F0EE3F009140CC /* AppDelegate.m */,
				880C266E26F0EE3F009140CC /* ViewController.h */,
				880C266F26F0EE3F009140CC /* ViewController.m */,
				880C267126F0EE3F009140CC /* Main.storyboard */,
				880C267426F0EE41009140CC /* Assets.xcassets */,
				880C267626F0EE41009140CC /* LaunchScreen.storyboard */,
				880C267926F0EE41009140CC /* Info.plist */,
				880C267A26F0EE41009140CC /* main.m */,
				E4438D2526F1EC6A008CAD26 /* FMCameraVC.h */,
				E4438D2626F1EC6A008CAD26 /* FMCameraVC.m */,
			);
			path = GPUImage;
			sourceTree = "<group>";
		};
		880C268226F0EE48009140CC /* Source */ = {
			isa = PBXGroup;
			children = (
				880C268326F0EE60009140CC /* GLProgram.h */,
				880C268426F0EE60009140CC /* GLProgram.m */,
				880C268726F0EE75009140CC /* GPUImageContext.h */,
				880C268826F0EE75009140CC /* GPUImageContext.m */,
				880C268B26F0EE82009140CC /* GPUImageFramebuffer.h */,
				880C268C26F0EE82009140CC /* GPUImageFramebuffer.m */,
				E4438D1F26F1D4A3008CAD26 /* GPUImageFramebufferCache.h */,
				E4438D2026F1D4A3008CAD26 /* GPUImageFramebufferCache.m */,
				E4438D0E26F18729008CAD26 /* GPUImageOutput.h */,
				E4438D0F26F18729008CAD26 /* GPUImageOutput.m */,
				E4438D1126F19B10008CAD26 /* GPUImageVideoCamera.h */,
				E4438D1226F19B10008CAD26 /* GPUImageVideoCamera.m */,
				E4438D1726F1A5F7008CAD26 /* GPUImageColorConversion.h */,
				E4438D1826F1A5F7008CAD26 /* GPUImageColorConversion.m */,
				E4438D2226F1DC70008CAD26 /* GPUImageView.h */,
				E4438D2326F1DC70008CAD26 /* GPUImageView.m */,
				E4438D1426F1A559008CAD26 /* GPUImageFilter.h */,
				E4438D1526F1A559008CAD26 /* GPUImageFilter.m */,
				E412F97926F2E2A6005395F4 /* GPUImageSepiaFilter.h */,
				E412F97826F2E2A6005395F4 /* GPUImageSepiaFilter.m */,
				E412F97C26F2E2CA005395F4 /* GPUImageColorMatrixFilter.h */,
				E412F97B26F2E2CA005395F4 /* GPUImageColorMatrixFilter.m */,
			);
			path = Source;
			sourceTree = "<group>";
		};
		E4438D1A26F1A697008CAD26 /* Frameworks */ = {
			isa = PBXGroup;
			children = (
				E4438D1D26F1A6B5008CAD26 /* CoreMedia.framework */,
				E4438D1B26F1A697008CAD26 /* OpenGLES.framework */,
			);
			name = Frameworks;
			sourceTree = "<group>";
		};
/* End PBXGroup section */

/* Begin PBXNativeTarget section */
		880C266426F0EE3E009140CC /* GPUImage */ = {
			isa = PBXNativeTarget;
			buildConfigurationList = 880C267E26F0EE41009140CC /* Build configuration list for PBXNativeTarget "GPUImage" */;
			buildPhases = (
				880C266126F0EE3E009140CC /* Sources */,
				880C266226F0EE3E009140CC /* Frameworks */,
				880C266326F0EE3E009140CC /* Resources */,
			);
			buildRules = (
			);
			dependencies = (
			);
			name = GPUImage;
			productName = GPUImage;
			productReference = 880C266526F0EE3E009140CC /* GPUImage.app */;
			productType = "com.apple.product-type.application";
		};
/* End PBXNativeTarget section */

/* Begin PBXProject section */
		880C265D26F0EE3E009140CC /* Project object */ = {
			isa = PBXProject;
			attributes = {
				LastUpgradeCheck = 1240;
				TargetAttributes = {
					880C266426F0EE3E009140CC = {
						CreatedOnToolsVersion = 12.4;
					};
				};
			};
			buildConfigurationList = 880C266026F0EE3E009140CC /* Build configuration list for PBXProject "GPUImage" */;
			compatibilityVersion = "Xcode 9.3";
			developmentRegion = en;
			hasScannedForEncodings = 0;
			knownRegions = (
				en,
				Base,
			);
			mainGroup = 880C265C26F0EE3E009140CC;
			productRefGroup = 880C266626F0EE3E009140CC /* Products */;
			projectDirPath = "";
			projectRoot = "";
			targets = (
				880C266426F0EE3E009140CC /* GPUImage */,
			);
		};
/* End PBXProject section */

/* Begin PBXResourcesBuildPhase section */
		880C266326F0EE3E009140CC /* Resources */ = {
			isa = PBXResourcesBuildPhase;
			buildActionMask = 2147483647;
			files = (
				880C267826F0EE41009140CC /* LaunchScreen.storyboard in Resources */,
				880C267526F0EE41009140CC /* Assets.xcassets in Resources */,
				880C267326F0EE3F009140CC /* Main.storyboard in Resources */,
			);
			runOnlyForDeploymentPostprocessing = 0;
		};
/* End PBXResourcesBuildPhase section */

/* Begin PBXSourcesBuildPhase section */
		880C266126F0EE3E009140CC /* Sources */ = {
			isa = PBXSourcesBuildPhase;
			buildActionMask = 2147483647;
			files = (
				880C267026F0EE3F009140CC /* ViewController.m in Sources */,
				880C266A26F0EE3F009140CC /* AppDelegate.m in Sources */,
				880C268526F0EE60009140CC /* GLProgram.m in Sources */,
				E4438D1026F18729008CAD26 /* GPUImageOutput.m in Sources */,
				880C268D26F0EE82009140CC /* GPUImageFramebuffer.m in Sources */,
				E4438D2126F1D4A3008CAD26 /* GPUImageFramebufferCache.m in Sources */,
				880C267B26F0EE41009140CC /* main.m in Sources */,
				E412F97A26F2E2A6005395F4 /* GPUImageSepiaFilter.m in Sources */,
				E4438D1926F1A5F7008CAD26 /* GPUImageColorConversion.m in Sources */,
				E4438D2726F1EC6A008CAD26 /* FMCameraVC.m in Sources */,
				E4438D1626F1A559008CAD26 /* GPUImageFilter.m in Sources */,
				E412F97D26F2E2CA005395F4 /* GPUImageColorMatrixFilter.m in Sources */,
				E4438D2426F1DC70008CAD26 /* GPUImageView.m in Sources */,
				880C268926F0EE75009140CC /* GPUImageContext.m in Sources */,
				E4438D1326F19B10008CAD26 /* GPUImageVideoCamera.m in Sources */,
			);
			runOnlyForDeploymentPostprocessing = 0;
		};
/* End PBXSourcesBuildPhase section */

/* Begin PBXVariantGroup section */
		880C267126F0EE3F009140CC /* Main.storyboard */ = {
			isa = PBXVariantGroup;
			children = (
				880C267226F0EE3F009140CC /* Base */,
			);
			name = Main.storyboard;
			sourceTree = "<group>";
		};
		880C267626F0EE41009140CC /* LaunchScreen.storyboard */ = {
			isa = PBXVariantGroup;
			children = (
				880C267726F0EE41009140CC /* Base */,
			);
			name = LaunchScreen.storyboard;
			sourceTree = "<group>";
		};
/* End PBXVariantGroup section */

/* Begin XCBuildConfiguration section */
		880C267C26F0EE41009140CC /* Debug */ = {
			isa = XCBuildConfiguration;
			buildSettings = {
				ALWAYS_SEARCH_USER_PATHS = NO;
				CLANG_ANALYZER_NONNULL = YES;
				CLANG_ANALYZER_NUMBER_OBJECT_CONVERSION = YES_AGGRESSIVE;
				CLANG_CXX_LANGUAGE_STANDARD = "gnu++14";
				CLANG_CXX_LIBRARY = "libc++";
				CLANG_ENABLE_MODULES = YES;
				CLANG_ENABLE_OBJC_ARC = YES;
				CLANG_ENABLE_OBJC_WEAK = YES;
				CLANG_WARN_BLOCK_CAPTURE_AUTORELEASING = YES;
				CLANG_WARN_BOOL_CONVERSION = YES;
				CLANG_WARN_COMMA = YES;
				CLANG_WARN_CONSTANT_CONVERSION = YES;
				CLANG_WARN_DEPRECATED_OBJC_IMPLEMENTATIONS = YES;
				CLANG_WARN_DIRECT_OBJC_ISA_USAGE = YES_ERROR;
				CLANG_WARN_DOCUMENTATION_COMMENTS = YES;
				CLANG_WARN_EMPTY_BODY = YES;
				CLANG_WARN_ENUM_CONVERSION = YES;
				CLANG_WARN_INFINITE_RECURSION = YES;
				CLANG_WARN_INT_CONVERSION = YES;
				CLANG_WARN_NON_LITERAL_NULL_CONVERSION = YES;
				CLANG_WARN_OBJC_IMPLICIT_RETAIN_SELF = YES;
				CLANG_WARN_OBJC_LITERAL_CONVERSION = YES;
				CLANG_WARN_OBJC_ROOT_CLASS = YES_ERROR;
				CLANG_WARN_QUOTED_INCLUDE_IN_FRAMEWORK_HEADER = YES;
				CLANG_WARN_RANGE_LOOP_ANALYSIS = YES;
				CLANG_WARN_STRICT_PROTOTYPES = YES;
				CLANG_WARN_SUSPICIOUS_MOVE = YES;
				CLANG_WARN_UNGUARDED_AVAILABILITY = YES_AGGRESSIVE;
				CLANG_WARN_UNREACHABLE_CODE = YES;
				CLANG_WARN__DUPLICATE_METHOD_MATCH = YES;
				COPY_PHASE_STRIP = NO;
				DEBUG_INFORMATION_FORMAT = dwarf;
				ENABLE_STRICT_OBJC_MSGSEND = YES;
				ENABLE_TESTABILITY = YES;
				GCC_C_LANGUAGE_STANDARD = gnu11;
				GCC_DYNAMIC_NO_PIC = NO;
				GCC_NO_COMMON_BLOCKS = YES;
				GCC_OPTIMIZATION_LEVEL = 0;
				GCC_PREPROCESSOR_DEFINITIONS = (
					"DEBUG=1",
					"$(inherited)",
				);
				GCC_WARN_64_TO_32_BIT_CONVERSION = YES;
				GCC_WARN_ABOUT_RETURN_TYPE = YES_ERROR;
				GCC_WARN_UNDECLARED_SELECTOR = YES;
				GCC_WARN_UNINITIALIZED_AUTOS = YES_AGGRESSIVE;
				GCC_WARN_UNUSED_FUNCTION = YES;
				GCC_WARN_UNUSED_VARIABLE = YES;
				IPHONEOS_DEPLOYMENT_TARGET = 10.0;
				MTL_ENABLE_DEBUG_INFO = INCLUDE_SOURCE;
				MTL_FAST_MATH = YES;
				ONLY_ACTIVE_ARCH = YES;
				SDKROOT = iphoneos;
			};
			name = Debug;
		};
		880C267D26F0EE41009140CC /* Release */ = {
			isa = XCBuildConfiguration;
			buildSettings = {
				ALWAYS_SEARCH_USER_PATHS = NO;
				CLANG_ANALYZER_NONNULL = YES;
				CLANG_ANALYZER_NUMBER_OBJECT_CONVERSION = YES_AGGRESSIVE;
				CLANG_CXX_LANGUAGE_STANDARD = "gnu++14";
				CLANG_CXX_LIBRARY = "libc++";
				CLANG_ENABLE_MODULES = YES;
				CLANG_ENABLE_OBJC_ARC = YES;
				CLANG_ENABLE_OBJC_WEAK = YES;
				CLANG_WARN_BLOCK_CAPTURE_AUTORELEASING = YES;
				CLANG_WARN_BOOL_CONVERSION = YES;
				CLANG_WARN_COMMA = YES;
				CLANG_WARN_CONSTANT_CONVERSION = YES;
				CLANG_WARN_DEPRECATED_OBJC_IMPLEMENTATIONS = YES;
				CLANG_WARN_DIRECT_OBJC_ISA_USAGE = YES_ERROR;
				CLANG_WARN_DOCUMENTATION_COMMENTS = YES;
				CLANG_WARN_EMPTY_BODY = YES;
				CLANG_WARN_ENUM_CONVERSION = YES;
				CLANG_WARN_INFINITE_RECURSION = YES;
				CLANG_WARN_INT_CONVERSION = YES;
				CLANG_WARN_NON_LITERAL_NULL_CONVERSION = YES;
				CLANG_WARN_OBJC_IMPLICIT_RETAIN_SELF = YES;
				CLANG_WARN_OBJC_LITERAL_CONVERSION = YES;
				CLANG_WARN_OBJC_ROOT_CLASS = YES_ERROR;
				CLANG_WARN_QUOTED_INCLUDE_IN_FRAMEWORK_HEADER = YES;
				CLANG_WARN_RANGE_LOOP_ANALYSIS = YES;
				CLANG_WARN_STRICT_PROTOTYPES = YES;
				CLANG_WARN_SUSPICIOUS_MOVE = YES;
				CLANG_WARN_UNGUARDED_AVAILABILITY = YES_AGGRESSIVE;
				CLANG_WARN_UNREACHABLE_CODE = YES;
				CLANG_WARN__DUPLICATE_METHOD_MATCH = YES;
				COPY_PHASE_STRIP = NO;
				DEBUG_INFORMATION_FORMAT = "dwarf-with-dsym";
				ENABLE_NS_ASSERTIONS = NO;
				ENABLE_STRICT_OBJC_MSGSEND = YES;
				GCC_C_LANGUAGE_STANDARD = gnu11;
				GCC_NO_COMMON_BLOCKS = YES;
				GCC_WARN_64_TO_32_BIT_CONVERSION = YES;
				GCC_WARN_ABOUT_RETURN_TYPE = YES_ERROR;
				GCC_WARN_UNDECLARED_SELECTOR = YES;
				GCC_WARN_UNINITIALIZED_AUTOS = YES_AGGRESSIVE;
				GCC_WARN_UNUSED_FUNCTION = YES;
				GCC_WARN_UNUSED_VARIABLE = YES;
				IPHONEOS_DEPLOYMENT_TARGET = 10.0;
				MTL_ENABLE_DEBUG_INFO = NO;
				MTL_FAST_MATH = YES;
				SDKROOT = iphoneos;
				VALIDATE_PRODUCT = YES;
			};
			name = Release;
		};
		880C267F26F0EE41009140CC /* Debug */ = {
			isa = XCBuildConfiguration;
			buildSettings = {
				ASSETCATALOG_COMPILER_APPICON_NAME = AppIcon;
				ASSETCATALOG_COMPILER_GLOBAL_ACCENT_COLOR_NAME = AccentColor;
				CODE_SIGN_STYLE = Automatic;
				DEVELOPMENT_TEAM = DQFEA2B5H2;
				INFOPLIST_FILE = GPUImage/Info.plist;
				IPHONEOS_DEPLOYMENT_TARGET = 10.0;
				LD_RUNPATH_SEARCH_PATHS = (
					"$(inherited)",
					"@executable_path/Frameworks",
				);
				PRODUCT_BUNDLE_IDENTIFIER = yfm.GPUImage;
				PRODUCT_NAME = "$(TARGET_NAME)";
				TARGETED_DEVICE_FAMILY = "1,2";
			};
			name = Debug;
		};
		880C268026F0EE41009140CC /* Release */ = {
			isa = XCBuildConfiguration;
			buildSettings = {
				ASSETCATALOG_COMPILER_APPICON_NAME = AppIcon;
				ASSETCATALOG_COMPILER_GLOBAL_ACCENT_COLOR_NAME = AccentColor;
				CODE_SIGN_STYLE = Automatic;
				DEVELOPMENT_TEAM = DQFEA2B5H2;
				INFOPLIST_FILE = GPUImage/Info.plist;
				IPHONEOS_DEPLOYMENT_TARGET = 10.0;
				LD_RUNPATH_SEARCH_PATHS = (
					"$(inherited)",
					"@executable_path/Frameworks",
				);
				PRODUCT_BUNDLE_IDENTIFIER = yfm.GPUImage;
				PRODUCT_NAME = "$(TARGET_NAME)";
				TARGETED_DEVICE_FAMILY = "1,2";
			};
			name = Release;
		};
/* End XCBuildConfiguration section */

/* Begin XCConfigurationList section */
		880C266026F0EE3E009140CC /* Build configuration list for PBXProject "GPUImage" */ = {
			isa = XCConfigurationList;
			buildConfigurations = (
				880C267C26F0EE41009140CC /* Debug */,
				880C267D26F0EE41009140CC /* Release */,
			);
			defaultConfigurationIsVisible = 0;
			defaultConfigurationName = Release;
		};
		880C267E26F0EE41009140CC /* Build configuration list for PBXNativeTarget "GPUImage" */ = {
			isa = XCConfigurationList;
			buildConfigurations = (
				880C267F26F0EE41009140CC /* Debug */,
				880C268026F0EE41009140CC /* Release */,
			);
			defaultConfigurationIsVisible = 0;
			defaultConfigurationName = Release;
		};
/* End XCConfigurationList section */
	};
	rootObject = 880C265D26F0EE3E009140CC /* Project object */;
}
