// !$*UTF8*$!
{
	archiveVersion = 1;
	classes = {
	};
	objectVersion = 55;
	objects = {

/* Begin PBXBuildFile section */
		E4318E8F288144D80002FAC1 /* ZYProCameraMovieRecorder.m in Sources */ = {isa = PBXBuildFile; fileRef = E4318E8E288144D80002FAC1 /* ZYProCameraMovieRecorder.m */; };
		E4318EF928865AFF0002FAC1 /* ZYMetalContext.m in Sources */ = {isa = PBXBuildFile; fileRef = E4318EF828865AFF0002FAC1 /* ZYMetalContext.m */; };
		E4318EFC28865B110002FAC1 /* ZYMetalFrameBuffer.m in Sources */ = {isa = PBXBuildFile; fileRef = E4318EFB28865B110002FAC1 /* ZYMetalFrameBuffer.m */; };
		E4318EFF28865B1C0002FAC1 /* ZYMetalFrameBufferCache.m in Sources */ = {isa = PBXBuildFile; fileRef = E4318EFE28865B1C0002FAC1 /* ZYMetalFrameBufferCache.m */; };
		E4318F0228865B250002FAC1 /* ZYMetalOutput.m in Sources */ = {isa = PBXBuildFile; fileRef = E4318F0128865B250002FAC1 /* ZYMetalOutput.m */; };
		E4D9313D2887DA6800C4B2C5 /* ZYMetalFilter.m in Sources */ = {isa = PBXBuildFile; fileRef = E4D9313C2887DA6800C4B2C5 /* ZYMetalFilter.m */; };
		E4D931412887DD1400C4B2C5 /* FMMetalGPU1FilterVC.m in Sources */ = {isa = PBXBuildFile; fileRef = E4D931402887DD1400C4B2C5 /* FMMetalGPU1FilterVC.m */; };
		E4D931442887E5FC00C4B2C5 /* FMMetalView.m in Sources */ = {isa = PBXBuildFile; fileRef = E4D931432887E5FC00C4B2C5 /* FMMetalView.m */; };
		E4D931482887F38C00C4B2C5 /* ZYMetalGrayFilter1.m in Sources */ = {isa = PBXBuildFile; fileRef = E4D931472887F38C00C4B2C5 /* ZYMetalGrayFilter1.m */; };
		E4D9314A2887F3E600C4B2C5 /* GrayFilter.metal in Sources */ = {isa = PBXBuildFile; fileRef = E4D931492887F3E600C4B2C5 /* GrayFilter.metal */; };
		E4D9314D2887FAB200C4B2C5 /* ZYMetalReverseColorFilter.m in Sources */ = {isa = PBXBuildFile; fileRef = E4D9314C2887FAB200C4B2C5 /* ZYMetalReverseColorFilter.m */; };
		E4D9314F2887FABF00C4B2C5 /* ReverseColor.metal in Sources */ = {isa = PBXBuildFile; fileRef = E4D9314E2887FABF00C4B2C5 /* ReverseColor.metal */; };
		E4E158A0287EAE28008A2080 /* AppDelegate.m in Sources */ = {isa = PBXBuildFile; fileRef = E4E1589F287EAE28008A2080 /* AppDelegate.m */; };
		E4E158A6287EAE28008A2080 /* ViewController.m in Sources */ = {isa = PBXBuildFile; fileRef = E4E158A5287EAE28008A2080 /* ViewController.m */; };
		E4E158A9287EAE28008A2080 /* Main.storyboard in Resources */ = {isa = PBXBuildFile; fileRef = E4E158A7287EAE28008A2080 /* Main.storyboard */; };
		E4E158AB287EAE2F008A2080 /* Assets.xcassets in Resources */ = {isa = PBXBuildFile; fileRef = E4E158AA287EAE2F008A2080 /* Assets.xcassets */; };
		E4E158AE287EAE2F008A2080 /* LaunchScreen.storyboard in Resources */ = {isa = PBXBuildFile; fileRef = E4E158AC287EAE2F008A2080 /* LaunchScreen.storyboard */; };
		E4E158B1287EAE2F008A2080 /* main.m in Sources */ = {isa = PBXBuildFile; fileRef = E4E158B0287EAE2F008A2080 /* main.m */; };
		E4E158BA287EAE71008A2080 /* ZYMetalBaseFilter.m in Sources */ = {isa = PBXBuildFile; fileRef = E4E158B9287EAE71008A2080 /* ZYMetalBaseFilter.m */; };
		E4E158BD287EC0A9008A2080 /* ZYCustomFilter.m in Sources */ = {isa = PBXBuildFile; fileRef = E4E158BC287EC0A9008A2080 /* ZYCustomFilter.m */; };
		E4E158BF287EC34B008A2080 /* Custom.metal in Sources */ = {isa = PBXBuildFile; fileRef = E4E158BE287EC34B008A2080 /* Custom.metal */; };
		E4E158C5287ECBB0008A2080 /* FMMetalCameraView.m in Sources */ = {isa = PBXBuildFile; fileRef = E4E158C3287ECBB0008A2080 /* FMMetalCameraView.m */; };
		E4E158C7287ECBE6008A2080 /* Camera.metal in Sources */ = {isa = PBXBuildFile; fileRef = E4E158C6287ECBE6008A2080 /* Camera.metal */; };
		E4E75CA0287FBCDD00738B89 /* ZYMPSFilter.m in Sources */ = {isa = PBXBuildFile; fileRef = E4E75C9F287FBCDD00738B89 /* ZYMPSFilter.m */; };
		E4E75CA2287FBCF500738B89 /* Blur.metal in Sources */ = {isa = PBXBuildFile; fileRef = E4E75CA1287FBCF500738B89 /* Blur.metal */; };
		E4E75CA5287FC3DA00738B89 /* ZYMetalGrayFilter.m in Sources */ = {isa = PBXBuildFile; fileRef = E4E75CA4287FC3DA00738B89 /* ZYMetalGrayFilter.m */; };
		E4E75CA7287FC3E600738B89 /* Gray.metal in Sources */ = {isa = PBXBuildFile; fileRef = E4E75CA6287FC3E600738B89 /* Gray.metal */; };
		E4E75CB0287FFBB200738B89 /* ZYMetalDevice.m in Sources */ = {isa = PBXBuildFile; fileRef = E4E75CAF287FFBB200738B89 /* ZYMetalDevice.m */; };
/* End PBXBuildFile section */

/* Begin PBXFileReference section */
		E4318E8D288144D80002FAC1 /* ZYProCameraMovieRecorder.h */ = {isa = PBXFileReference; fileEncoding = 4; lastKnownFileType = sourcecode.c.h; name = ZYProCameraMovieRecorder.h; path = ../../../FMMultiCamera/FMMultiCamera/Source/ZYProCameraMovieRecorder.h; sourceTree = "<group>"; };
		E4318E8E288144D80002FAC1 /* ZYProCameraMovieRecorder.m */ = {isa = PBXFileReference; fileEncoding = 4; lastKnownFileType = sourcecode.c.objc; name = ZYProCameraMovieRecorder.m; path = ../../../FMMultiCamera/FMMultiCamera/Source/ZYProCameraMovieRecorder.m; sourceTree = "<group>"; };
		E4318EF728865AFF0002FAC1 /* ZYMetalContext.h */ = {isa = PBXFileReference; lastKnownFileType = sourcecode.c.h; path = ZYMetalContext.h; sourceTree = "<group>"; };
		E4318EF828865AFF0002FAC1 /* ZYMetalContext.m */ = {isa = PBXFileReference; lastKnownFileType = sourcecode.c.objc; path = ZYMetalContext.m; sourceTree = "<group>"; };
		E4318EFA28865B110002FAC1 /* ZYMetalFrameBuffer.h */ = {isa = PBXFileReference; lastKnownFileType = sourcecode.c.h; path = ZYMetalFrameBuffer.h; sourceTree = "<group>"; };
		E4318EFB28865B110002FAC1 /* ZYMetalFrameBuffer.m */ = {isa = PBXFileReference; lastKnownFileType = sourcecode.c.objc; path = ZYMetalFrameBuffer.m; sourceTree = "<group>"; };
		E4318EFD28865B1C0002FAC1 /* ZYMetalFrameBufferCache.h */ = {isa = PBXFileReference; lastKnownFileType = sourcecode.c.h; path = ZYMetalFrameBufferCache.h; sourceTree = "<group>"; };
		E4318EFE28865B1C0002FAC1 /* ZYMetalFrameBufferCache.m */ = {isa = PBXFileReference; lastKnownFileType = sourcecode.c.objc; path = ZYMetalFrameBufferCache.m; sourceTree = "<group>"; };
		E4318F0028865B250002FAC1 /* ZYMetalOutput.h */ = {isa = PBXFileReference; lastKnownFileType = sourcecode.c.h; path = ZYMetalOutput.h; sourceTree = "<group>"; };
		E4318F0128865B250002FAC1 /* ZYMetalOutput.m */ = {isa = PBXFileReference; lastKnownFileType = sourcecode.c.objc; path = ZYMetalOutput.m; sourceTree = "<group>"; };
		E4D9313B2887DA6800C4B2C5 /* ZYMetalFilter.h */ = {isa = PBXFileReference; lastKnownFileType = sourcecode.c.h; path = ZYMetalFilter.h; sourceTree = "<group>"; };
		E4D9313C2887DA6800C4B2C5 /* ZYMetalFilter.m */ = {isa = PBXFileReference; lastKnownFileType = sourcecode.c.objc; path = ZYMetalFilter.m; sourceTree = "<group>"; };
		E4D9313F2887DD1400C4B2C5 /* FMMetalGPU1FilterVC.h */ = {isa = PBXFileReference; lastKnownFileType = sourcecode.c.h; path = FMMetalGPU1FilterVC.h; sourceTree = "<group>"; };
		E4D931402887DD1400C4B2C5 /* FMMetalGPU1FilterVC.m */ = {isa = PBXFileReference; lastKnownFileType = sourcecode.c.objc; path = FMMetalGPU1FilterVC.m; sourceTree = "<group>"; };
		E4D931422887E5FC00C4B2C5 /* FMMetalView.h */ = {isa = PBXFileReference; lastKnownFileType = sourcecode.c.h; path = FMMetalView.h; sourceTree = "<group>"; };
		E4D931432887E5FC00C4B2C5 /* FMMetalView.m */ = {isa = PBXFileReference; lastKnownFileType = sourcecode.c.objc; path = FMMetalView.m; sourceTree = "<group>"; };
		E4D931462887F38C00C4B2C5 /* ZYMetalGrayFilter1.h */ = {isa = PBXFileReference; lastKnownFileType = sourcecode.c.h; path = ZYMetalGrayFilter1.h; sourceTree = "<group>"; };
		E4D931472887F38C00C4B2C5 /* ZYMetalGrayFilter1.m */ = {isa = PBXFileReference; lastKnownFileType = sourcecode.c.objc; path = ZYMetalGrayFilter1.m; sourceTree = "<group>"; };
		E4D931492887F3E600C4B2C5 /* GrayFilter.metal */ = {isa = PBXFileReference; lastKnownFileType = sourcecode.metal; path = GrayFilter.metal; sourceTree = "<group>"; };
		E4D9314B2887FAB200C4B2C5 /* ZYMetalReverseColorFilter.h */ = {isa = PBXFileReference; lastKnownFileType = sourcecode.c.h; path = ZYMetalReverseColorFilter.h; sourceTree = "<group>"; };
		E4D9314C2887FAB200C4B2C5 /* ZYMetalReverseColorFilter.m */ = {isa = PBXFileReference; lastKnownFileType = sourcecode.c.objc; path = ZYMetalReverseColorFilter.m; sourceTree = "<group>"; };
		E4D9314E2887FABF00C4B2C5 /* ReverseColor.metal */ = {isa = PBXFileReference; lastKnownFileType = sourcecode.metal; path = ReverseColor.metal; sourceTree = "<group>"; };
		E4E1589B287EAE28008A2080 /* FMMetalFilterChain.app */ = {isa = PBXFileReference; explicitFileType = wrapper.application; includeInIndex = 0; path = FMMetalFilterChain.app; sourceTree = BUILT_PRODUCTS_DIR; };
		E4E1589E287EAE28008A2080 /* AppDelegate.h */ = {isa = PBXFileReference; lastKnownFileType = sourcecode.c.h; path = AppDelegate.h; sourceTree = "<group>"; };
		E4E1589F287EAE28008A2080 /* AppDelegate.m */ = {isa = PBXFileReference; lastKnownFileType = sourcecode.c.objc; path = AppDelegate.m; sourceTree = "<group>"; };
		E4E158A4287EAE28008A2080 /* ViewController.h */ = {isa = PBXFileReference; lastKnownFileType = sourcecode.c.h; path = ViewController.h; sourceTree = "<group>"; };
		E4E158A5287EAE28008A2080 /* ViewController.m */ = {isa = PBXFileReference; lastKnownFileType = sourcecode.c.objc; path = ViewController.m; sourceTree = "<group>"; };
		E4E158A8287EAE28008A2080 /* Base */ = {isa = PBXFileReference; lastKnownFileType = file.storyboard; name = Base; path = Base.lproj/Main.storyboard; sourceTree = "<group>"; };
		E4E158AA287EAE2F008A2080 /* Assets.xcassets */ = {isa = PBXFileReference; lastKnownFileType = folder.assetcatalog; path = Assets.xcassets; sourceTree = "<group>"; };
		E4E158AD287EAE2F008A2080 /* Base */ = {isa = PBXFileReference; lastKnownFileType = file.storyboard; name = Base; path = Base.lproj/LaunchScreen.storyboard; sourceTree = "<group>"; };
		E4E158AF287EAE2F008A2080 /* Info.plist */ = {isa = PBXFileReference; lastKnownFileType = text.plist.xml; path = Info.plist; sourceTree = "<group>"; };
		E4E158B0287EAE2F008A2080 /* main.m */ = {isa = PBXFileReference; lastKnownFileType = sourcecode.c.objc; path = main.m; sourceTree = "<group>"; };
		E4E158B8287EAE71008A2080 /* ZYMetalBaseFilter.h */ = {isa = PBXFileReference; lastKnownFileType = sourcecode.c.h; path = ZYMetalBaseFilter.h; sourceTree = "<group>"; };
		E4E158B9287EAE71008A2080 /* ZYMetalBaseFilter.m */ = {isa = PBXFileReference; lastKnownFileType = sourcecode.c.objc; path = ZYMetalBaseFilter.m; sourceTree = "<group>"; };
		E4E158BB287EC0A9008A2080 /* ZYCustomFilter.h */ = {isa = PBXFileReference; lastKnownFileType = sourcecode.c.h; path = ZYCustomFilter.h; sourceTree = "<group>"; };
		E4E158BC287EC0A9008A2080 /* ZYCustomFilter.m */ = {isa = PBXFileReference; lastKnownFileType = sourcecode.c.objc; path = ZYCustomFilter.m; sourceTree = "<group>"; };
		E4E158BE287EC34B008A2080 /* Custom.metal */ = {isa = PBXFileReference; lastKnownFileType = sourcecode.metal; path = Custom.metal; sourceTree = "<group>"; };
		E4E158C3287ECBB0008A2080 /* FMMetalCameraView.m */ = {isa = PBXFileReference; fileEncoding = 4; lastKnownFileType = sourcecode.c.objc; path = FMMetalCameraView.m; sourceTree = "<group>"; };
		E4E158C4287ECBB0008A2080 /* FMMetalCameraView.h */ = {isa = PBXFileReference; fileEncoding = 4; lastKnownFileType = sourcecode.c.h; path = FMMetalCameraView.h; sourceTree = "<group>"; };
		E4E158C6287ECBE6008A2080 /* Camera.metal */ = {isa = PBXFileReference; lastKnownFileType = sourcecode.metal; path = Camera.metal; sourceTree = "<group>"; };
		E4E75C9E287FBCDD00738B89 /* ZYMPSFilter.h */ = {isa = PBXFileReference; lastKnownFileType = sourcecode.c.h; path = ZYMPSFilter.h; sourceTree = "<group>"; };
		E4E75C9F287FBCDD00738B89 /* ZYMPSFilter.m */ = {isa = PBXFileReference; lastKnownFileType = sourcecode.c.objc; path = ZYMPSFilter.m; sourceTree = "<group>"; };
		E4E75CA1287FBCF500738B89 /* Blur.metal */ = {isa = PBXFileReference; lastKnownFileType = sourcecode.metal; path = Blur.metal; sourceTree = "<group>"; };
		E4E75CA3287FC3DA00738B89 /* ZYMetalGrayFilter.h */ = {isa = PBXFileReference; lastKnownFileType = sourcecode.c.h; path = ZYMetalGrayFilter.h; sourceTree = "<group>"; };
		E4E75CA4287FC3DA00738B89 /* ZYMetalGrayFilter.m */ = {isa = PBXFileReference; lastKnownFileType = sourcecode.c.objc; path = ZYMetalGrayFilter.m; sourceTree = "<group>"; };
		E4E75CA6287FC3E600738B89 /* Gray.metal */ = {isa = PBXFileReference; lastKnownFileType = sourcecode.metal; path = Gray.metal; sourceTree = "<group>"; };
		E4E75CAE287FFBB200738B89 /* ZYMetalDevice.h */ = {isa = PBXFileReference; lastKnownFileType = sourcecode.c.h; path = ZYMetalDevice.h; sourceTree = "<group>"; };
		E4E75CAF287FFBB200738B89 /* ZYMetalDevice.m */ = {isa = PBXFileReference; lastKnownFileType = sourcecode.c.objc; path = ZYMetalDevice.m; sourceTree = "<group>"; };
/* End PBXFileReference section */

/* Begin PBXFrameworksBuildPhase section */
		E4E15898287EAE28008A2080 /* Frameworks */ = {
			isa = PBXFrameworksBuildPhase;
			buildActionMask = 2147483647;
			files = (
			);
			runOnlyForDeploymentPostprocessing = 0;
		};
/* End PBXFrameworksBuildPhase section */

/* Begin PBXGroup section */
		E4318E8C288144AA0002FAC1 /* MovieRecorder */ = {
			isa = PBXGroup;
			children = (
				E4318E8D288144D80002FAC1 /* ZYProCameraMovieRecorder.h */,
				E4318E8E288144D80002FAC1 /* ZYProCameraMovieRecorder.m */,
			);
			path = MovieRecorder;
			sourceTree = "<group>";
		};
		E4318EEA288659E30002FAC1 /* filterChain_GPUImage1 */ = {
			isa = PBXGroup;
			children = (
				E4D931452887F36500C4B2C5 /* Filter */,
				E4318EF728865AFF0002FAC1 /* ZYMetalContext.h */,
				E4318EF828865AFF0002FAC1 /* ZYMetalContext.m */,
				E4318EFA28865B110002FAC1 /* ZYMetalFrameBuffer.h */,
				E4318EFB28865B110002FAC1 /* ZYMetalFrameBuffer.m */,
				E4318EFD28865B1C0002FAC1 /* ZYMetalFrameBufferCache.h */,
				E4318EFE28865B1C0002FAC1 /* ZYMetalFrameBufferCache.m */,
				E4318F0028865B250002FAC1 /* ZYMetalOutput.h */,
				E4318F0128865B250002FAC1 /* ZYMetalOutput.m */,
				E4D9313F2887DD1400C4B2C5 /* FMMetalGPU1FilterVC.h */,
				E4D931402887DD1400C4B2C5 /* FMMetalGPU1FilterVC.m */,
				E4D931422887E5FC00C4B2C5 /* FMMetalView.h */,
				E4D931432887E5FC00C4B2C5 /* FMMetalView.m */,
			);
			path = filterChain_GPUImage1;
			sourceTree = "<group>";
		};
		E4D931452887F36500C4B2C5 /* Filter */ = {
			isa = PBXGroup;
			children = (
				E4D9313B2887DA6800C4B2C5 /* ZYMetalFilter.h */,
				E4D9313C2887DA6800C4B2C5 /* ZYMetalFilter.m */,
				E4D931462887F38C00C4B2C5 /* ZYMetalGrayFilter1.h */,
				E4D931472887F38C00C4B2C5 /* ZYMetalGrayFilter1.m */,
				E4D931492887F3E600C4B2C5 /* GrayFilter.metal */,
				E4D9314B2887FAB200C4B2C5 /* ZYMetalReverseColorFilter.h */,
				E4D9314C2887FAB200C4B2C5 /* ZYMetalReverseColorFilter.m */,
				E4D9314E2887FABF00C4B2C5 /* ReverseColor.metal */,
			);
			path = Filter;
			sourceTree = "<group>";
		};
		E4D93150288803E700C4B2C5 /* filterChain_GPUImage3 */ = {
			isa = PBXGroup;
			children = (
			);
			path = filterChain_GPUImage3;
			sourceTree = "<group>";
		};
		E4E15892287EAE28008A2080 = {
			isa = PBXGroup;
			children = (
				E4E1589D287EAE28008A2080 /* FMMetalFilterChain */,
				E4E1589C287EAE28008A2080 /* Products */,
			);
			sourceTree = "<group>";
		};
		E4E1589C287EAE28008A2080 /* Products */ = {
			isa = PBXGroup;
			children = (
				E4E1589B287EAE28008A2080 /* FMMetalFilterChain.app */,
			);
			name = Products;
			sourceTree = "<group>";
		};
		E4E1589D287EAE28008A2080 /* FMMetalFilterChain */ = {
			isa = PBXGroup;
			children = (
				E4D93150288803E700C4B2C5 /* filterChain_GPUImage3 */,
				E4318EEA288659E30002FAC1 /* filterChain_GPUImage1 */,
				E4318E8C288144AA0002FAC1 /* MovieRecorder */,
				E4E158B7287EAE5A008A2080 /* FIlter */,
				E4E158C4287ECBB0008A2080 /* FMMetalCameraView.h */,
				E4E158C3287ECBB0008A2080 /* FMMetalCameraView.m */,
				E4E158C6287ECBE6008A2080 /* Camera.metal */,
				E4E1589E287EAE28008A2080 /* AppDelegate.h */,
				E4E1589F287EAE28008A2080 /* AppDelegate.m */,
				E4E158A4287EAE28008A2080 /* ViewController.h */,
				E4E158A5287EAE28008A2080 /* ViewController.m */,
				E4E158A7287EAE28008A2080 /* Main.storyboard */,
				E4E158AA287EAE2F008A2080 /* Assets.xcassets */,
				E4E158AC287EAE2F008A2080 /* LaunchScreen.storyboard */,
				E4E158AF287EAE2F008A2080 /* Info.plist */,
				E4E158B0287EAE2F008A2080 /* main.m */,
			);
			path = FMMetalFilterChain;
			sourceTree = "<group>";
		};
		E4E158B7287EAE5A008A2080 /* FIlter */ = {
			isa = PBXGroup;
			children = (
				E4E75CAE287FFBB200738B89 /* ZYMetalDevice.h */,
				E4E75CAF287FFBB200738B89 /* ZYMetalDevice.m */,
				E4E158B8287EAE71008A2080 /* ZYMetalBaseFilter.h */,
				E4E158B9287EAE71008A2080 /* ZYMetalBaseFilter.m */,
				E4E158BB287EC0A9008A2080 /* ZYCustomFilter.h */,
				E4E158BC287EC0A9008A2080 /* ZYCustomFilter.m */,
				E4E158BE287EC34B008A2080 /* Custom.metal */,
				E4E75C9E287FBCDD00738B89 /* ZYMPSFilter.h */,
				E4E75C9F287FBCDD00738B89 /* ZYMPSFilter.m */,
				E4E75CA1287FBCF500738B89 /* Blur.metal */,
				E4E75CA3287FC3DA00738B89 /* ZYMetalGrayFilter.h */,
				E4E75CA4287FC3DA00738B89 /* ZYMetalGrayFilter.m */,
				E4E75CA6287FC3E600738B89 /* Gray.metal */,
			);
			path = FIlter;
			sourceTree = "<group>";
		};
/* End PBXGroup section */

/* Begin PBXNativeTarget section */
		E4E1589A287EAE28008A2080 /* FMMetalFilterChain */ = {
			isa = PBXNativeTarget;
			buildConfigurationList = E4E158B4287EAE2F008A2080 /* Build configuration list for PBXNativeTarget "FMMetalFilterChain" */;
			buildPhases = (
				E4E15897287EAE28008A2080 /* Sources */,
				E4E15898287EAE28008A2080 /* Frameworks */,
				E4E15899287EAE28008A2080 /* Resources */,
			);
			buildRules = (
			);
			dependencies = (
			);
			name = FMMetalFilterChain;
			productName = FMMetalFilterChain;
			productReference = E4E1589B287EAE28008A2080 /* FMMetalFilterChain.app */;
			productType = "com.apple.product-type.application";
		};
/* End PBXNativeTarget section */

/* Begin PBXProject section */
		E4E15893287EAE28008A2080 /* Project object */ = {
			isa = PBXProject;
			attributes = {
				BuildIndependentTargetsInParallel = 1;
				LastUpgradeCheck = 1340;
				TargetAttributes = {
					E4E1589A287EAE28008A2080 = {
						CreatedOnToolsVersion = 13.4;
					};
				};
			};
			buildConfigurationList = E4E15896287EAE28008A2080 /* Build configuration list for PBXProject "FMMetalFilterChain" */;
			compatibilityVersion = "Xcode 13.0";
			developmentRegion = en;
			hasScannedForEncodings = 0;
			knownRegions = (
				en,
				Base,
			);
			mainGroup = E4E15892287EAE28008A2080;
			productRefGroup = E4E1589C287EAE28008A2080 /* Products */;
			projectDirPath = "";
			projectRoot = "";
			targets = (
				E4E1589A287EAE28008A2080 /* FMMetalFilterChain */,
			);
		};
/* End PBXProject section */

/* Begin PBXResourcesBuildPhase section */
		E4E15899287EAE28008A2080 /* Resources */ = {
			isa = PBXResourcesBuildPhase;
			buildActionMask = 2147483647;
			files = (
				E4E158AE287EAE2F008A2080 /* LaunchScreen.storyboard in Resources */,
				E4E158AB287EAE2F008A2080 /* Assets.xcassets in Resources */,
				E4E158A9287EAE28008A2080 /* Main.storyboard in Resources */,
			);
			runOnlyForDeploymentPostprocessing = 0;
		};
/* End PBXResourcesBuildPhase section */

/* Begin PBXSourcesBuildPhase section */
		E4E15897287EAE28008A2080 /* Sources */ = {
			isa = PBXSourcesBuildPhase;
			buildActionMask = 2147483647;
			files = (
				E4E158C5287ECBB0008A2080 /* FMMetalCameraView.m in Sources */,
				E4D9314F2887FABF00C4B2C5 /* ReverseColor.metal in Sources */,
				E4318F0228865B250002FAC1 /* ZYMetalOutput.m in Sources */,
				E4E158BF287EC34B008A2080 /* Custom.metal in Sources */,
				E4E75CA2287FBCF500738B89 /* Blur.metal in Sources */,
				E4E75CB0287FFBB200738B89 /* ZYMetalDevice.m in Sources */,
				E4D931442887E5FC00C4B2C5 /* FMMetalView.m in Sources */,
				E4D9313D2887DA6800C4B2C5 /* ZYMetalFilter.m in Sources */,
				E4E158A6287EAE28008A2080 /* ViewController.m in Sources */,
				E4318EF928865AFF0002FAC1 /* ZYMetalContext.m in Sources */,
				E4E75CA5287FC3DA00738B89 /* ZYMetalGrayFilter.m in Sources */,
				E4E158BA287EAE71008A2080 /* ZYMetalBaseFilter.m in Sources */,
				E4E75CA0287FBCDD00738B89 /* ZYMPSFilter.m in Sources */,
				E4318E8F288144D80002FAC1 /* ZYProCameraMovieRecorder.m in Sources */,
				E4D9314D2887FAB200C4B2C5 /* ZYMetalReverseColorFilter.m in Sources */,
				E4318EFC28865B110002FAC1 /* ZYMetalFrameBuffer.m in Sources */,
				E4E158BD287EC0A9008A2080 /* ZYCustomFilter.m in Sources */,
				E4D9314A2887F3E600C4B2C5 /* GrayFilter.metal in Sources */,
				E4D931482887F38C00C4B2C5 /* ZYMetalGrayFilter1.m in Sources */,
				E4D931412887DD1400C4B2C5 /* FMMetalGPU1FilterVC.m in Sources */,
				E4E158A0287EAE28008A2080 /* AppDelegate.m in Sources */,
				E4E158C7287ECBE6008A2080 /* Camera.metal in Sources */,
				E4E75CA7287FC3E600738B89 /* Gray.metal in Sources */,
				E4318EFF28865B1C0002FAC1 /* ZYMetalFrameBufferCache.m in Sources */,
				E4E158B1287EAE2F008A2080 /* main.m in Sources */,
			);
			runOnlyForDeploymentPostprocessing = 0;
		};
/* End PBXSourcesBuildPhase section */

/* Begin PBXVariantGroup section */
		E4E158A7287EAE28008A2080 /* Main.storyboard */ = {
			isa = PBXVariantGroup;
			children = (
				E4E158A8287EAE28008A2080 /* Base */,
			);
			name = Main.storyboard;
			sourceTree = "<group>";
		};
		E4E158AC287EAE2F008A2080 /* LaunchScreen.storyboard */ = {
			isa = PBXVariantGroup;
			children = (
				E4E158AD287EAE2F008A2080 /* Base */,
			);
			name = LaunchScreen.storyboard;
			sourceTree = "<group>";
		};
/* End PBXVariantGroup section */

/* Begin XCBuildConfiguration section */
		E4E158B2287EAE2F008A2080 /* Debug */ = {
			isa = XCBuildConfiguration;
			buildSettings = {
				ALWAYS_SEARCH_USER_PATHS = NO;
				CLANG_ANALYZER_NONNULL = YES;
				CLANG_ANALYZER_NUMBER_OBJECT_CONVERSION = YES_AGGRESSIVE;
				CLANG_CXX_LANGUAGE_STANDARD = "gnu++17";
				CLANG_ENABLE_MODULES = YES;
				CLANG_ENABLE_OBJC_ARC = YES;
				CLANG_ENABLE_OBJC_WEAK = YES;
				CLANG_WARN_BLOCK_CAPTURE_AUTORELEASING = YES;
				CLANG_WARN_BOOL_CONVERSION = YES;
				CLANG_WARN_COMMA = YES;
				CLANG_WARN_CONSTANT_CONVERSION = YES;
				CLANG_WARN_DEPRECATED_OBJC_IMPLEMENTATIONS = YES;
				CLANG_WARN_DIRECT_OBJC_ISA_USAGE = YES_ERROR;
				CLANG_WARN_DOCUMENTATION_COMMENTS = YES;
				CLANG_WARN_EMPTY_BODY = YES;
				CLANG_WARN_ENUM_CONVERSION = YES;
				CLANG_WARN_INFINITE_RECURSION = YES;
				CLANG_WARN_INT_CONVERSION = YES;
				CLANG_WARN_NON_LITERAL_NULL_CONVERSION = YES;
				CLANG_WARN_OBJC_IMPLICIT_RETAIN_SELF = YES;
				CLANG_WARN_OBJC_LITERAL_CONVERSION = YES;
				CLANG_WARN_OBJC_ROOT_CLASS = YES_ERROR;
				CLANG_WARN_QUOTED_INCLUDE_IN_FRAMEWORK_HEADER = YES;
				CLANG_WARN_RANGE_LOOP_ANALYSIS = YES;
				CLANG_WARN_STRICT_PROTOTYPES = YES;
				CLANG_WARN_SUSPICIOUS_MOVE = YES;
				CLANG_WARN_UNGUARDED_AVAILABILITY = YES_AGGRESSIVE;
				CLANG_WARN_UNREACHABLE_CODE = YES;
				CLANG_WARN__DUPLICATE_METHOD_MATCH = YES;
				COPY_PHASE_STRIP = NO;
				DEBUG_INFORMATION_FORMAT = dwarf;
				ENABLE_STRICT_OBJC_MSGSEND = YES;
				ENABLE_TESTABILITY = YES;
				GCC_C_LANGUAGE_STANDARD = gnu11;
				GCC_DYNAMIC_NO_PIC = NO;
				GCC_NO_COMMON_BLOCKS = YES;
				GCC_OPTIMIZATION_LEVEL = 0;
				GCC_PREPROCESSOR_DEFINITIONS = (
					"DEBUG=1",
					"$(inherited)",
				);
				GCC_WARN_64_TO_32_BIT_CONVERSION = YES;
				GCC_WARN_ABOUT_RETURN_TYPE = YES_ERROR;
				GCC_WARN_UNDECLARED_SELECTOR = YES;
				GCC_WARN_UNINITIALIZED_AUTOS = YES_AGGRESSIVE;
				GCC_WARN_UNUSED_FUNCTION = YES;
				GCC_WARN_UNUSED_VARIABLE = YES;
				IPHONEOS_DEPLOYMENT_TARGET = 11.0;
				MTL_ENABLE_DEBUG_INFO = INCLUDE_SOURCE;
				MTL_FAST_MATH = YES;
				ONLY_ACTIVE_ARCH = YES;
				SDKROOT = iphoneos;
			};
			name = Debug;
		};
		E4E158B3287EAE2F008A2080 /* Release */ = {
			isa = XCBuildConfiguration;
			buildSettings = {
				ALWAYS_SEARCH_USER_PATHS = NO;
				CLANG_ANALYZER_NONNULL = YES;
				CLANG_ANALYZER_NUMBER_OBJECT_CONVERSION = YES_AGGRESSIVE;
				CLANG_CXX_LANGUAGE_STANDARD = "gnu++17";
				CLANG_ENABLE_MODULES = YES;
				CLANG_ENABLE_OBJC_ARC = YES;
				CLANG_ENABLE_OBJC_WEAK = YES;
				CLANG_WARN_BLOCK_CAPTURE_AUTORELEASING = YES;
				CLANG_WARN_BOOL_CONVERSION = YES;
				CLANG_WARN_COMMA = YES;
				CLANG_WARN_CONSTANT_CONVERSION = YES;
				CLANG_WARN_DEPRECATED_OBJC_IMPLEMENTATIONS = YES;
				CLANG_WARN_DIRECT_OBJC_ISA_USAGE = YES_ERROR;
				CLANG_WARN_DOCUMENTATION_COMMENTS = YES;
				CLANG_WARN_EMPTY_BODY = YES;
				CLANG_WARN_ENUM_CONVERSION = YES;
				CLANG_WARN_INFINITE_RECURSION = YES;
				CLANG_WARN_INT_CONVERSION = YES;
				CLANG_WARN_NON_LITERAL_NULL_CONVERSION = YES;
				CLANG_WARN_OBJC_IMPLICIT_RETAIN_SELF = YES;
				CLANG_WARN_OBJC_LITERAL_CONVERSION = YES;
				CLANG_WARN_OBJC_ROOT_CLASS = YES_ERROR;
				CLANG_WARN_QUOTED_INCLUDE_IN_FRAMEWORK_HEADER = YES;
				CLANG_WARN_RANGE_LOOP_ANALYSIS = YES;
				CLANG_WARN_STRICT_PROTOTYPES = YES;
				CLANG_WARN_SUSPICIOUS_MOVE = YES;
				CLANG_WARN_UNGUARDED_AVAILABILITY = YES_AGGRESSIVE;
				CLANG_WARN_UNREACHABLE_CODE = YES;
				CLANG_WARN__DUPLICATE_METHOD_MATCH = YES;
				COPY_PHASE_STRIP = NO;
				DEBUG_INFORMATION_FORMAT = "dwarf-with-dsym";
				ENABLE_NS_ASSERTIONS = NO;
				ENABLE_STRICT_OBJC_MSGSEND = YES;
				GCC_C_LANGUAGE_STANDARD = gnu11;
				GCC_NO_COMMON_BLOCKS = YES;
				GCC_WARN_64_TO_32_BIT_CONVERSION = YES;
				GCC_WARN_ABOUT_RETURN_TYPE = YES_ERROR;
				GCC_WARN_UNDECLARED_SELECTOR = YES;
				GCC_WARN_UNINITIALIZED_AUTOS = YES_AGGRESSIVE;
				GCC_WARN_UNUSED_FUNCTION = YES;
				GCC_WARN_UNUSED_VARIABLE = YES;
				IPHONEOS_DEPLOYMENT_TARGET = 11.0;
				MTL_ENABLE_DEBUG_INFO = NO;
				MTL_FAST_MATH = YES;
				SDKROOT = iphoneos;
				VALIDATE_PRODUCT = YES;
			};
			name = Release;
		};
		E4E158B5287EAE2F008A2080 /* Debug */ = {
			isa = XCBuildConfiguration;
			buildSettings = {
				ASSETCATALOG_COMPILER_APPICON_NAME = AppIcon;
				ASSETCATALOG_COMPILER_GLOBAL_ACCENT_COLOR_NAME = AccentColor;
				CODE_SIGN_STYLE = Automatic;
				CURRENT_PROJECT_VERSION = 1;
				DEVELOPMENT_TEAM = DQFEA2B5H2;
				GENERATE_INFOPLIST_FILE = YES;
				INFOPLIST_FILE = FMMetalFilterChain/Info.plist;
				INFOPLIST_KEY_UIApplicationSupportsIndirectInputEvents = YES;
				INFOPLIST_KEY_UILaunchStoryboardName = LaunchScreen;
				INFOPLIST_KEY_UIMainStoryboardFile = Main;
				INFOPLIST_KEY_UISupportedInterfaceOrientations_iPad = "UIInterfaceOrientationPortrait UIInterfaceOrientationPortraitUpsideDown UIInterfaceOrientationLandscapeLeft UIInterfaceOrientationLandscapeRight";
				INFOPLIST_KEY_UISupportedInterfaceOrientations_iPhone = "UIInterfaceOrientationPortrait UIInterfaceOrientationLandscapeLeft UIInterfaceOrientationLandscapeRight";
				IPHONEOS_DEPLOYMENT_TARGET = 11.0;
				LD_RUNPATH_SEARCH_PATHS = (
					"$(inherited)",
					"@executable_path/Frameworks",
				);
				MARKETING_VERSION = 1.0;
				PRODUCT_BUNDLE_IDENTIFIER = com.ZHIYUN.www.FMMetalFilterChain;
				PRODUCT_NAME = "$(TARGET_NAME)";
				SWIFT_EMIT_LOC_STRINGS = YES;
				TARGETED_DEVICE_FAMILY = "1,2";
			};
			name = Debug;
		};
		E4E158B6287EAE2F008A2080 /* Release */ = {
			isa = XCBuildConfiguration;
			buildSettings = {
				ASSETCATALOG_COMPILER_APPICON_NAME = AppIcon;
				ASSETCATALOG_COMPILER_GLOBAL_ACCENT_COLOR_NAME = AccentColor;
				CODE_SIGN_STYLE = Automatic;
				CURRENT_PROJECT_VERSION = 1;
				DEVELOPMENT_TEAM = DQFEA2B5H2;
				GENERATE_INFOPLIST_FILE = YES;
				INFOPLIST_FILE = FMMetalFilterChain/Info.plist;
				INFOPLIST_KEY_UIApplicationSupportsIndirectInputEvents = YES;
				INFOPLIST_KEY_UILaunchStoryboardName = LaunchScreen;
				INFOPLIST_KEY_UIMainStoryboardFile = Main;
				INFOPLIST_KEY_UISupportedInterfaceOrientations_iPad = "UIInterfaceOrientationPortrait UIInterfaceOrientationPortraitUpsideDown UIInterfaceOrientationLandscapeLeft UIInterfaceOrientationLandscapeRight";
				INFOPLIST_KEY_UISupportedInterfaceOrientations_iPhone = "UIInterfaceOrientationPortrait UIInterfaceOrientationLandscapeLeft UIInterfaceOrientationLandscapeRight";
				IPHONEOS_DEPLOYMENT_TARGET = 11.0;
				LD_RUNPATH_SEARCH_PATHS = (
					"$(inherited)",
					"@executable_path/Frameworks",
				);
				MARKETING_VERSION = 1.0;
				PRODUCT_BUNDLE_IDENTIFIER = com.ZHIYUN.www.FMMetalFilterChain;
				PRODUCT_NAME = "$(TARGET_NAME)";
				SWIFT_EMIT_LOC_STRINGS = YES;
				TARGETED_DEVICE_FAMILY = "1,2";
			};
			name = Release;
		};
/* End XCBuildConfiguration section */

/* Begin XCConfigurationList section */
		E4E15896287EAE28008A2080 /* Build configuration list for PBXProject "FMMetalFilterChain" */ = {
			isa = XCConfigurationList;
			buildConfigurations = (
				E4E158B2287EAE2F008A2080 /* Debug */,
				E4E158B3287EAE2F008A2080 /* Release */,
			);
			defaultConfigurationIsVisible = 0;
			defaultConfigurationName = Release;
		};
		E4E158B4287EAE2F008A2080 /* Build configuration list for PBXNativeTarget "FMMetalFilterChain" */ = {
			isa = XCConfigurationList;
			buildConfigurations = (
				E4E158B5287EAE2F008A2080 /* Debug */,
				E4E158B6287EAE2F008A2080 /* Release */,
			);
			defaultConfigurationIsVisible = 0;
			defaultConfigurationName = Release;
		};
/* End XCConfigurationList section */
	};
	rootObject = E4E15893287EAE28008A2080 /* Project object */;
}
