// !$*UTF8*$!
{
	archiveVersion = 1;
	classes = {
	};
	objectVersion = 50;
	objects = {

/* Begin PBXBuildFile section */
		BE586CAE016A1B2B49F8B952 /* libPods-LearnOpenGL.a in Frameworks */ = {isa = PBXBuildFile; fileRef = DB170A91AB84CF3EACA3C1B5 /* libPods-LearnOpenGL.a */; };
		E406E72526E2188300C35047 /* FMOpenGLLutView.m in Sources */ = {isa = PBXBuildFile; fileRef = E406E72426E2188300C35047 /* FMOpenGLLutView.m */; };
		E406E72726E218B800C35047 /* lookup.png in Resources */ = {isa = PBXBuildFile; fileRef = E406E72626E218B800C35047 /* lookup.png */; };
		E406E74C26E2210A00C35047 /* F01.png in Resources */ = {isa = PBXBuildFile; fileRef = E406E72A26E2210A00C35047 /* F01.png */; };
		E406E74D26E2210A00C35047 /* F02.png in Resources */ = {isa = PBXBuildFile; fileRef = E406E72B26E2210A00C35047 /* F02.png */; };
		E406E74E26E2210A00C35047 /* F03.png in Resources */ = {isa = PBXBuildFile; fileRef = E406E72C26E2210A00C35047 /* F03.png */; };
		E406E74F26E2210A00C35047 /* F04.png in Resources */ = {isa = PBXBuildFile; fileRef = E406E72D26E2210A00C35047 /* F04.png */; };
		E406E75026E2210A00C35047 /* F05.png in Resources */ = {isa = PBXBuildFile; fileRef = E406E72E26E2210A00C35047 /* F05.png */; };
		E406E75126E2210A00C35047 /* L03.png in Resources */ = {isa = PBXBuildFile; fileRef = E406E73026E2210A00C35047 /* L03.png */; };
		E406E75226E2210A00C35047 /* L02.png in Resources */ = {isa = PBXBuildFile; fileRef = E406E73126E2210A00C35047 /* L02.png */; };
		E406E75326E2210A00C35047 /* L01.png in Resources */ = {isa = PBXBuildFile; fileRef = E406E73226E2210A00C35047 /* L01.png */; };
		E406E75426E2210A00C35047 /* L05.png in Resources */ = {isa = PBXBuildFile; fileRef = E406E73326E2210A00C35047 /* L05.png */; };
		E406E75526E2210A00C35047 /* L04.png in Resources */ = {isa = PBXBuildFile; fileRef = E406E73426E2210A00C35047 /* L04.png */; };
		E406E75626E2210A00C35047 /* P05.png in Resources */ = {isa = PBXBuildFile; fileRef = E406E73626E2210A00C35047 /* P05.png */; };
		E406E75726E2210A00C35047 /* P04.png in Resources */ = {isa = PBXBuildFile; fileRef = E406E73726E2210A00C35047 /* P04.png */; };
		E406E75826E2210A00C35047 /* P01.png in Resources */ = {isa = PBXBuildFile; fileRef = E406E73826E2210A00C35047 /* P01.png */; };
		E406E75926E2210A00C35047 /* P03.png in Resources */ = {isa = PBXBuildFile; fileRef = E406E73926E2210A00C35047 /* P03.png */; };
		E406E75A26E2210A00C35047 /* P02.png in Resources */ = {isa = PBXBuildFile; fileRef = E406E73A26E2210A00C35047 /* P02.png */; };
		E406E75B26E2210A00C35047 /* C09.png in Resources */ = {isa = PBXBuildFile; fileRef = E406E73C26E2210A00C35047 /* C09.png */; };
		E406E75C26E2210A00C35047 /* C08.png in Resources */ = {isa = PBXBuildFile; fileRef = E406E73D26E2210A00C35047 /* C08.png */; };
		E406E75D26E2210A00C35047 /* C06.png in Resources */ = {isa = PBXBuildFile; fileRef = E406E73E26E2210A00C35047 /* C06.png */; };
		E406E75E26E2210A00C35047 /* C07.png in Resources */ = {isa = PBXBuildFile; fileRef = E406E73F26E2210A00C35047 /* C07.png */; };
		E406E75F26E2210A00C35047 /* C05.png in Resources */ = {isa = PBXBuildFile; fileRef = E406E74026E2210A00C35047 /* C05.png */; };
		E406E76026E2210A00C35047 /* C10.png in Resources */ = {isa = PBXBuildFile; fileRef = E406E74126E2210A00C35047 /* C10.png */; };
		E406E76126E2210A00C35047 /* C04.png in Resources */ = {isa = PBXBuildFile; fileRef = E406E74226E2210A00C35047 /* C04.png */; };
		E406E76226E2210A00C35047 /* C01.png in Resources */ = {isa = PBXBuildFile; fileRef = E406E74326E2210A00C35047 /* C01.png */; };
		E406E76326E2210A00C35047 /* C03.png in Resources */ = {isa = PBXBuildFile; fileRef = E406E74426E2210A00C35047 /* C03.png */; };
		E406E76426E2210A00C35047 /* C02.png in Resources */ = {isa = PBXBuildFile; fileRef = E406E74526E2210A00C35047 /* C02.png */; };
		E406E76526E2210A00C35047 /* filter_scape_cover.png in Resources */ = {isa = PBXBuildFile; fileRef = E406E74726E2210A00C35047 /* filter_scape_cover.png */; };
		E406E76626E2210A00C35047 /* filter_orignal_cover.png in Resources */ = {isa = PBXBuildFile; fileRef = E406E74826E2210A00C35047 /* filter_orignal_cover.png */; };
		E406E76726E2210A00C35047 /* filter_general_cover.png in Resources */ = {isa = PBXBuildFile; fileRef = E406E74926E2210A00C35047 /* filter_general_cover.png */; };
		E406E76826E2210A00C35047 /* filter_food_cover.png in Resources */ = {isa = PBXBuildFile; fileRef = E406E74A26E2210A00C35047 /* filter_food_cover.png */; };
		E406E76926E2210A00C35047 /* filter_people_cover.png in Resources */ = {isa = PBXBuildFile; fileRef = E406E74B26E2210A00C35047 /* filter_people_cover.png */; };
		E406E76B26E2266000C35047 /* 2.jpeg in Resources */ = {isa = PBXBuildFile; fileRef = E406E76A26E2266000C35047 /* 2.jpeg */; };
		E406E78826E5ABE700C35047 /* 加州.png in Resources */ = {isa = PBXBuildFile; fileRef = E406E76D26E5ABE400C35047 /* 加州.png */; };
		E406E78926E5ABE700C35047 /* 牛仔.png in Resources */ = {isa = PBXBuildFile; fileRef = E406E76E26E5ABE500C35047 /* 牛仔.png */; };
		E406E78A26E5ABE700C35047 /* 灰橙.png in Resources */ = {isa = PBXBuildFile; fileRef = E406E76F26E5ABE500C35047 /* 灰橙.png */; };
		E406E78B26E5ABE700C35047 /* 胶片01.png in Resources */ = {isa = PBXBuildFile; fileRef = E406E77026E5ABE500C35047 /* 胶片01.png */; };
		E406E78C26E5ABE700C35047 /* 暮色.png in Resources */ = {isa = PBXBuildFile; fileRef = E406E77126E5ABE500C35047 /* 暮色.png */; };
		E406E78D26E5ABE700C35047 /* 旺角.png in Resources */ = {isa = PBXBuildFile; fileRef = E406E77226E5ABE500C35047 /* 旺角.png */; };
		E406E78E26E5ABE700C35047 /* 罗兰.png in Resources */ = {isa = PBXBuildFile; fileRef = E406E77326E5ABE500C35047 /* 罗兰.png */; };
		E406E78F26E5ABE700C35047 /* 胶片05.png in Resources */ = {isa = PBXBuildFile; fileRef = E406E77426E5ABE500C35047 /* 胶片05.png */; };
		E406E79026E5ABE700C35047 /* 胶片03.png in Resources */ = {isa = PBXBuildFile; fileRef = E406E77526E5ABE500C35047 /* 胶片03.png */; };
		E406E79126E5ABE700C35047 /* 梦境.png in Resources */ = {isa = PBXBuildFile; fileRef = E406E77626E5ABE600C35047 /* 梦境.png */; };
		E406E79226E5ABE700C35047 /* 香槟.png in Resources */ = {isa = PBXBuildFile; fileRef = E406E77726E5ABE600C35047 /* 香槟.png */; };
		E406E79326E5ABE700C35047 /* 玫瑰.png in Resources */ = {isa = PBXBuildFile; fileRef = E406E77826E5ABE600C35047 /* 玫瑰.png */; };
		E406E79426E5ABE700C35047 /* 青橙.png in Resources */ = {isa = PBXBuildFile; fileRef = E406E77926E5ABE600C35047 /* 青橙.png */; };
		E406E79526E5ABE700C35047 /* 赛博朋克.png in Resources */ = {isa = PBXBuildFile; fileRef = E406E77A26E5ABE600C35047 /* 赛博朋克.png */; };
		E406E79626E5ABE700C35047 /* 胶片02.png in Resources */ = {isa = PBXBuildFile; fileRef = E406E77B26E5ABE600C35047 /* 胶片02.png */; };
		E406E79726E5ABE700C35047 /* 蓝冰.png in Resources */ = {isa = PBXBuildFile; fileRef = E406E77C26E5ABE600C35047 /* 蓝冰.png */; };
		E406E79826E5ABE700C35047 /* 极光.png in Resources */ = {isa = PBXBuildFile; fileRef = E406E77D26E5ABE600C35047 /* 极光.png */; };
		E406E79926E5ABE700C35047 /* 黑金.png in Resources */ = {isa = PBXBuildFile; fileRef = E406E77E26E5ABE600C35047 /* 黑金.png */; };
		E406E79A26E5ABE800C35047 /* 胶片04.png in Resources */ = {isa = PBXBuildFile; fileRef = E406E77F26E5ABE600C35047 /* 胶片04.png */; };
		E406E79B26E5ABE800C35047 /* Log.png in Resources */ = {isa = PBXBuildFile; fileRef = E406E78026E5ABE700C35047 /* Log.png */; };
		E406E79C26E5ABE800C35047 /* 青葱.png in Resources */ = {isa = PBXBuildFile; fileRef = E406E78126E5ABE700C35047 /* 青葱.png */; };
		E406E79D26E5ABE800C35047 /* 美化.png in Resources */ = {isa = PBXBuildFile; fileRef = E406E78226E5ABE700C35047 /* 美化.png */; };
		E406E79E26E5ABE800C35047 /* 晴空.png in Resources */ = {isa = PBXBuildFile; fileRef = E406E78326E5ABE700C35047 /* 晴空.png */; };
		E406E79F26E5ABE800C35047 /* 海岛.png in Resources */ = {isa = PBXBuildFile; fileRef = E406E78426E5ABE700C35047 /* 海岛.png */; };
		E406E7A026E5ABE800C35047 /* 和煦.png in Resources */ = {isa = PBXBuildFile; fileRef = E406E78526E5ABE700C35047 /* 和煦.png */; };
		E406E7A126E5ABE800C35047 /* 仲夏.png in Resources */ = {isa = PBXBuildFile; fileRef = E406E78626E5ABE700C35047 /* 仲夏.png */; };
		E406E7A226E5ABE800C35047 /* 初音.png in Resources */ = {isa = PBXBuildFile; fileRef = E406E78726E5ABE700C35047 /* 初音.png */; };
		E406E7BF26E5B7F300C35047 /* 晴空_cover.jpeg in Resources */ = {isa = PBXBuildFile; fileRef = E406E7A426E5B7F300C35047 /* 晴空_cover.jpeg */; };
		E406E7C026E5B7F300C35047 /* 梦境_cover.jpeg in Resources */ = {isa = PBXBuildFile; fileRef = E406E7A526E5B7F300C35047 /* 梦境_cover.jpeg */; };
		E406E7C126E5B7F300C35047 /* 青橙_cover.png in Resources */ = {isa = PBXBuildFile; fileRef = E406E7A626E5B7F300C35047 /* 青橙_cover.png */; };
		E406E7C226E5B7F300C35047 /* 初音_cover.jpeg in Resources */ = {isa = PBXBuildFile; fileRef = E406E7A726E5B7F300C35047 /* 初音_cover.jpeg */; };
		E406E7C326E5B7F300C35047 /* 和煦_cover.jpeg in Resources */ = {isa = PBXBuildFile; fileRef = E406E7A826E5B7F300C35047 /* 和煦_cover.jpeg */; };
		E406E7C426E5B7F300C35047 /* Log_cover.jpeg in Resources */ = {isa = PBXBuildFile; fileRef = E406E7A926E5B7F300C35047 /* Log_cover.jpeg */; };
		E406E7C526E5B7F300C35047 /* 玫瑰_cover.jpeg in Resources */ = {isa = PBXBuildFile; fileRef = E406E7AA26E5B7F300C35047 /* 玫瑰_cover.jpeg */; };
		E406E7C626E5B7F300C35047 /* 罗兰_cover.jpeg in Resources */ = {isa = PBXBuildFile; fileRef = E406E7AB26E5B7F300C35047 /* 罗兰_cover.jpeg */; };
		E406E7C726E5B7F300C35047 /* 旺角_cover.jpeg in Resources */ = {isa = PBXBuildFile; fileRef = E406E7AC26E5B7F300C35047 /* 旺角_cover.jpeg */; };
		E406E7C826E5B7F300C35047 /* 胶片01_cover.png in Resources */ = {isa = PBXBuildFile; fileRef = E406E7AD26E5B7F300C35047 /* 胶片01_cover.png */; };
		E406E7C926E5B7F300C35047 /* 青葱_cover.jpeg in Resources */ = {isa = PBXBuildFile; fileRef = E406E7AE26E5B7F300C35047 /* 青葱_cover.jpeg */; };
		E406E7CA26E5B7F300C35047 /* 仲夏_cover.jpeg in Resources */ = {isa = PBXBuildFile; fileRef = E406E7AF26E5B7F300C35047 /* 仲夏_cover.jpeg */; };
		E406E7CB26E5B7F300C35047 /* 美化_cover.jpeg in Resources */ = {isa = PBXBuildFile; fileRef = E406E7B026E5B7F300C35047 /* 美化_cover.jpeg */; };
		E406E7CC26E5B7F300C35047 /* 香槟_cover.jpeg in Resources */ = {isa = PBXBuildFile; fileRef = E406E7B126E5B7F300C35047 /* 香槟_cover.jpeg */; };
		E406E7CD26E5B7F300C35047 /* 海岛_cover.jpeg in Resources */ = {isa = PBXBuildFile; fileRef = E406E7B226E5B7F300C35047 /* 海岛_cover.jpeg */; };
		E406E7CE26E5B7F300C35047 /* 胶片04_cover.png in Resources */ = {isa = PBXBuildFile; fileRef = E406E7B326E5B7F300C35047 /* 胶片04_cover.png */; };
		E406E7CF26E5B7F400C35047 /* 灰橙_cover.png in Resources */ = {isa = PBXBuildFile; fileRef = E406E7B426E5B7F300C35047 /* 灰橙_cover.png */; };
		E406E7D026E5B7F400C35047 /* 加州_cover.jpeg in Resources */ = {isa = PBXBuildFile; fileRef = E406E7B526E5B7F300C35047 /* 加州_cover.jpeg */; };
		E406E7D126E5B7F400C35047 /* 胶片02_cover.png in Resources */ = {isa = PBXBuildFile; fileRef = E406E7B626E5B7F300C35047 /* 胶片02_cover.png */; };
		E406E7D226E5B7F400C35047 /* 赛博朋克_cover.png in Resources */ = {isa = PBXBuildFile; fileRef = E406E7B726E5B7F300C35047 /* 赛博朋克_cover.png */; };
		E406E7D326E5B7F400C35047 /* 极光_cover.jpeg in Resources */ = {isa = PBXBuildFile; fileRef = E406E7B826E5B7F300C35047 /* 极光_cover.jpeg */; };
		E406E7D426E5B7F400C35047 /* 胶片05_cover.png in Resources */ = {isa = PBXBuildFile; fileRef = E406E7B926E5B7F300C35047 /* 胶片05_cover.png */; };
		E406E7D526E5B7F400C35047 /* 暮色_cover.jpeg in Resources */ = {isa = PBXBuildFile; fileRef = E406E7BA26E5B7F300C35047 /* 暮色_cover.jpeg */; };
		E406E7D626E5B7F400C35047 /* 牛仔_cover.jpeg in Resources */ = {isa = PBXBuildFile; fileRef = E406E7BB26E5B7F300C35047 /* 牛仔_cover.jpeg */; };
		E406E7D726E5B7F400C35047 /* 胶片03_cover.png in Resources */ = {isa = PBXBuildFile; fileRef = E406E7BC26E5B7F300C35047 /* 胶片03_cover.png */; };
		E406E7D826E5B7F400C35047 /* 蓝冰_cover.png in Resources */ = {isa = PBXBuildFile; fileRef = E406E7BD26E5B7F300C35047 /* 蓝冰_cover.png */; };
		E406E7D926E5B7F400C35047 /* 黑金_cover.png in Resources */ = {isa = PBXBuildFile; fileRef = E406E7BE26E5B7F300C35047 /* 黑金_cover.png */; };
		E406E7DB26E5D23D00C35047 /* 3.jpeg in Resources */ = {isa = PBXBuildFile; fileRef = E406E7DA26E5D23D00C35047 /* 3.jpeg */; };
		E4438C9126E898B6008CAD26 /* WID-small.jpg in Resources */ = {isa = PBXBuildFile; fileRef = E4438C9026E898B6008CAD26 /* WID-small.jpg */; };
		E44A4D7F26D5D8B700BDB0A3 /* FMOpenGLWindow.m in Sources */ = {isa = PBXBuildFile; fileRef = E44A4D7E26D5D8B700BDB0A3 /* FMOpenGLWindow.m */; };
		E44A4D8226D5F56400BDB0A3 /* FMOpenGLTriangle.m in Sources */ = {isa = PBXBuildFile; fileRef = E44A4D8126D5F56400BDB0A3 /* FMOpenGLTriangle.m */; };
		E44A4D8626D61D0700BDB0A3 /* FMOpenGLShader.m in Sources */ = {isa = PBXBuildFile; fileRef = E44A4D8526D61D0700BDB0A3 /* FMOpenGLShader.m */; };
		E44A4D8926D6363F00BDB0A3 /* FMOpenGLShaderFinal.m in Sources */ = {isa = PBXBuildFile; fileRef = E44A4D8826D6363F00BDB0A3 /* FMOpenGLShaderFinal.m */; };
		E44A4D8C26D779B200BDB0A3 /* FMOpenGLTexture.m in Sources */ = {isa = PBXBuildFile; fileRef = E44A4D8B26D779B200BDB0A3 /* FMOpenGLTexture.m */; };
		E44A4D9026D77AAC00BDB0A3 /* FMOpenGLView.m in Sources */ = {isa = PBXBuildFile; fileRef = E44A4D8F26D77AAC00BDB0A3 /* FMOpenGLView.m */; };
		E44A4D9426D7896000BDB0A3 /* 1.jpeg in Resources */ = {isa = PBXBuildFile; fileRef = E44A4D9226D7896000BDB0A3 /* 1.jpeg */; };
		E44A4D9526D7896000BDB0A3 /* 4.jpeg in Resources */ = {isa = PBXBuildFile; fileRef = E44A4D9326D7896000BDB0A3 /* 4.jpeg */; };
		E44A4D9926D79EED00BDB0A3 /* FMOpenGLVC.m in Sources */ = {isa = PBXBuildFile; fileRef = E44A4D9826D79EED00BDB0A3 /* FMOpenGLVC.m */; };
		E44A4D9D26D891B200BDB0A3 /* matrix.c in Sources */ = {isa = PBXBuildFile; fileRef = E44A4D9C26D891B200BDB0A3 /* matrix.c */; };
		E49275B026F58B2500834D03 /* FMCameraFilterVC.m in Sources */ = {isa = PBXBuildFile; fileRef = E49275AF26F58B2500834D03 /* FMCameraFilterVC.m */; };
		E49275B326F592B000834D03 /* FMCameraOpenGLView.m in Sources */ = {isa = PBXBuildFile; fileRef = E49275B226F592B000834D03 /* FMCameraOpenGLView.m */; };
		E4BED5E226D334390033F2EB /* AppDelegate.m in Sources */ = {isa = PBXBuildFile; fileRef = E4BED5E126D334390033F2EB /* AppDelegate.m */; };
		E4BED5E826D334390033F2EB /* ViewController.m in Sources */ = {isa = PBXBuildFile; fileRef = E4BED5E726D334390033F2EB /* ViewController.m */; };
		E4BED5EB26D3343A0033F2EB /* Main.storyboard in Resources */ = {isa = PBXBuildFile; fileRef = E4BED5E926D3343A0033F2EB /* Main.storyboard */; };
		E4BED5ED26D334400033F2EB /* Assets.xcassets in Resources */ = {isa = PBXBuildFile; fileRef = E4BED5EC26D334400033F2EB /* Assets.xcassets */; };
		E4BED5F026D334400033F2EB /* LaunchScreen.storyboard in Resources */ = {isa = PBXBuildFile; fileRef = E4BED5EE26D334400033F2EB /* LaunchScreen.storyboard */; };
		E4BED5F326D334400033F2EB /* main.m in Sources */ = {isa = PBXBuildFile; fileRef = E4BED5F226D334400033F2EB /* main.m */; };
		E4BED5FC26D33B400033F2EB /* FMTriangleView.m in Sources */ = {isa = PBXBuildFile; fileRef = E4BED5FB26D33B400033F2EB /* FMTriangleView.m */; };
		E4BED5FF26D33CC20033F2EB /* OpenGLES.framework in Frameworks */ = {isa = PBXBuildFile; fileRef = E4BED5FE26D33CC20033F2EB /* OpenGLES.framework */; };
		E4BED6AD26D3AFB10033F2EB /* FMOpenGLTriangleView.m in Sources */ = {isa = PBXBuildFile; fileRef = E4BED6AC26D3AFB10033F2EB /* FMOpenGLTriangleView.m */; };
/* End PBXBuildFile section */

/* Begin PBXFileReference section */
		74D965FBC4E43AD6F4CE8E1C /* Pods-LearnOpenGL.debug.xcconfig */ = {isa = PBXFileReference; includeInIndex = 1; lastKnownFileType = text.xcconfig; name = "Pods-LearnOpenGL.debug.xcconfig"; path = "Target Support Files/Pods-LearnOpenGL/Pods-LearnOpenGL.debug.xcconfig"; sourceTree = "<group>"; };
		ABF1E9628FD39D92374D8DB6 /* Pods-LearnOpenGL.release.xcconfig */ = {isa = PBXFileReference; includeInIndex = 1; lastKnownFileType = text.xcconfig; name = "Pods-LearnOpenGL.release.xcconfig"; path = "Target Support Files/Pods-LearnOpenGL/Pods-LearnOpenGL.release.xcconfig"; sourceTree = "<group>"; };
		DB170A91AB84CF3EACA3C1B5 /* libPods-LearnOpenGL.a */ = {isa = PBXFileReference; explicitFileType = archive.ar; includeInIndex = 0; path = "libPods-LearnOpenGL.a"; sourceTree = BUILT_PRODUCTS_DIR; };
		E406E72326E2188300C35047 /* FMOpenGLLutView.h */ = {isa = PBXFileReference; lastKnownFileType = sourcecode.c.h; path = FMOpenGLLutView.h; sourceTree = "<group>"; };
		E406E72426E2188300C35047 /* FMOpenGLLutView.m */ = {isa = PBXFileReference; lastKnownFileType = sourcecode.c.objc; path = FMOpenGLLutView.m; sourceTree = "<group>"; };
		E406E72626E218B800C35047 /* lookup.png */ = {isa = PBXFileReference; lastKnownFileType = image.png; path = lookup.png; sourceTree = "<group>"; };
		E406E72A26E2210A00C35047 /* F01.png */ = {isa = PBXFileReference; lastKnownFileType = image.png; path = F01.png; sourceTree = "<group>"; };
		E406E72B26E2210A00C35047 /* F02.png */ = {isa = PBXFileReference; lastKnownFileType = image.png; path = F02.png; sourceTree = "<group>"; };
		E406E72C26E2210A00C35047 /* F03.png */ = {isa = PBXFileReference; lastKnownFileType = image.png; path = F03.png; sourceTree = "<group>"; };
		E406E72D26E2210A00C35047 /* F04.png */ = {isa = PBXFileReference; lastKnownFileType = image.png; path = F04.png; sourceTree = "<group>"; };
		E406E72E26E2210A00C35047 /* F05.png */ = {isa = PBXFileReference; lastKnownFileType = image.png; path = F05.png; sourceTree = "<group>"; };
		E406E73026E2210A00C35047 /* L03.png */ = {isa = PBXFileReference; lastKnownFileType = image.png; path = L03.png; sourceTree = "<group>"; };
		E406E73126E2210A00C35047 /* L02.png */ = {isa = PBXFileReference; lastKnownFileType = image.png; path = L02.png; sourceTree = "<group>"; };
		E406E73226E2210A00C35047 /* L01.png */ = {isa = PBXFileReference; lastKnownFileType = image.png; path = L01.png; sourceTree = "<group>"; };
		E406E73326E2210A00C35047 /* L05.png */ = {isa = PBXFileReference; lastKnownFileType = image.png; path = L05.png; sourceTree = "<group>"; };
		E406E73426E2210A00C35047 /* L04.png */ = {isa = PBXFileReference; lastKnownFileType = image.png; path = L04.png; sourceTree = "<group>"; };
		E406E73626E2210A00C35047 /* P05.png */ = {isa = PBXFileReference; lastKnownFileType = image.png; path = P05.png; sourceTree = "<group>"; };
		E406E73726E2210A00C35047 /* P04.png */ = {isa = PBXFileReference; lastKnownFileType = image.png; path = P04.png; sourceTree = "<group>"; };
		E406E73826E2210A00C35047 /* P01.png */ = {isa = PBXFileReference; lastKnownFileType = image.png; path = P01.png; sourceTree = "<group>"; };
		E406E73926E2210A00C35047 /* P03.png */ = {isa = PBXFileReference; lastKnownFileType = image.png; path = P03.png; sourceTree = "<group>"; };
		E406E73A26E2210A00C35047 /* P02.png */ = {isa = PBXFileReference; lastKnownFileType = image.png; path = P02.png; sourceTree = "<group>"; };
		E406E73C26E2210A00C35047 /* C09.png */ = {isa = PBXFileReference; lastKnownFileType = image.png; path = C09.png; sourceTree = "<group>"; };
		E406E73D26E2210A00C35047 /* C08.png */ = {isa = PBXFileReference; lastKnownFileType = image.png; path = C08.png; sourceTree = "<group>"; };
		E406E73E26E2210A00C35047 /* C06.png */ = {isa = PBXFileReference; lastKnownFileType = image.png; path = C06.png; sourceTree = "<group>"; };
		E406E73F26E2210A00C35047 /* C07.png */ = {isa = PBXFileReference; lastKnownFileType = image.png; path = C07.png; sourceTree = "<group>"; };
		E406E74026E2210A00C35047 /* C05.png */ = {isa = PBXFileReference; lastKnownFileType = image.png; path = C05.png; sourceTree = "<group>"; };
		E406E74126E2210A00C35047 /* C10.png */ = {isa = PBXFileReference; lastKnownFileType = image.png; path = C10.png; sourceTree = "<group>"; };
		E406E74226E2210A00C35047 /* C04.png */ = {isa = PBXFileReference; lastKnownFileType = image.png; path = C04.png; sourceTree = "<group>"; };
		E406E74326E2210A00C35047 /* C01.png */ = {isa = PBXFileReference; lastKnownFileType = image.png; path = C01.png; sourceTree = "<group>"; };
		E406E74426E2210A00C35047 /* C03.png */ = {isa = PBXFileReference; lastKnownFileType = image.png; path = C03.png; sourceTree = "<group>"; };
		E406E74526E2210A00C35047 /* C02.png */ = {isa = PBXFileReference; lastKnownFileType = image.png; path = C02.png; sourceTree = "<group>"; };
		E406E74726E2210A00C35047 /* filter_scape_cover.png */ = {isa = PBXFileReference; lastKnownFileType = image.png; path = filter_scape_cover.png; sourceTree = "<group>"; };
		E406E74826E2210A00C35047 /* filter_orignal_cover.png */ = {isa = PBXFileReference; lastKnownFileType = image.png; path = filter_orignal_cover.png; sourceTree = "<group>"; };
		E406E74926E2210A00C35047 /* filter_general_cover.png */ = {isa = PBXFileReference; lastKnownFileType = image.png; path = filter_general_cover.png; sourceTree = "<group>"; };
		E406E74A26E2210A00C35047 /* filter_food_cover.png */ = {isa = PBXFileReference; lastKnownFileType = image.png; path = filter_food_cover.png; sourceTree = "<group>"; };
		E406E74B26E2210A00C35047 /* filter_people_cover.png */ = {isa = PBXFileReference; lastKnownFileType = image.png; path = filter_people_cover.png; sourceTree = "<group>"; };
		E406E76A26E2266000C35047 /* 2.jpeg */ = {isa = PBXFileReference; lastKnownFileType = image.jpeg; path = 2.jpeg; sourceTree = "<group>"; };
		E406E76D26E5ABE400C35047 /* 加州.png */ = {isa = PBXFileReference; lastKnownFileType = image.png; path = "加州.png"; sourceTree = "<group>"; };
		E406E76E26E5ABE500C35047 /* 牛仔.png */ = {isa = PBXFileReference; lastKnownFileType = image.png; path = "牛仔.png"; sourceTree = "<group>"; };
		E406E76F26E5ABE500C35047 /* 灰橙.png */ = {isa = PBXFileReference; lastKnownFileType = image.png; path = "灰橙.png"; sourceTree = "<group>"; };
		E406E77026E5ABE500C35047 /* 胶片01.png */ = {isa = PBXFileReference; lastKnownFileType = image.png; path = "胶片01.png"; sourceTree = "<group>"; };
		E406E77126E5ABE500C35047 /* 暮色.png */ = {isa = PBXFileReference; lastKnownFileType = image.png; path = "暮色.png"; sourceTree = "<group>"; };
		E406E77226E5ABE500C35047 /* 旺角.png */ = {isa = PBXFileReference; lastKnownFileType = image.png; path = "旺角.png"; sourceTree = "<group>"; };
		E406E77326E5ABE500C35047 /* 罗兰.png */ = {isa = PBXFileReference; lastKnownFileType = image.png; path = "罗兰.png"; sourceTree = "<group>"; };
		E406E77426E5ABE500C35047 /* 胶片05.png */ = {isa = PBXFileReference; lastKnownFileType = image.png; path = "胶片05.png"; sourceTree = "<group>"; };
		E406E77526E5ABE500C35047 /* 胶片03.png */ = {isa = PBXFileReference; lastKnownFileType = image.png; path = "胶片03.png"; sourceTree = "<group>"; };
		E406E77626E5ABE600C35047 /* 梦境.png */ = {isa = PBXFileReference; lastKnownFileType = image.png; path = "梦境.png"; sourceTree = "<group>"; };
		E406E77726E5ABE600C35047 /* 香槟.png */ = {isa = PBXFileReference; lastKnownFileType = image.png; path = "香槟.png"; sourceTree = "<group>"; };
		E406E77826E5ABE600C35047 /* 玫瑰.png */ = {isa = PBXFileReference; lastKnownFileType = image.png; path = "玫瑰.png"; sourceTree = "<group>"; };
		E406E77926E5ABE600C35047 /* 青橙.png */ = {isa = PBXFileReference; lastKnownFileType = image.png; path = "青橙.png"; sourceTree = "<group>"; };
		E406E77A26E5ABE600C35047 /* 赛博朋克.png */ = {isa = PBXFileReference; lastKnownFileType = image.png; path = "赛博朋克.png"; sourceTree = "<group>"; };
		E406E77B26E5ABE600C35047 /* 胶片02.png */ = {isa = PBXFileReference; lastKnownFileType = image.png; path = "胶片02.png"; sourceTree = "<group>"; };
		E406E77C26E5ABE600C35047 /* 蓝冰.png */ = {isa = PBXFileReference; lastKnownFileType = image.png; path = "蓝冰.png"; sourceTree = "<group>"; };
		E406E77D26E5ABE600C35047 /* 极光.png */ = {isa = PBXFileReference; lastKnownFileType = image.png; path = "极光.png"; sourceTree = "<group>"; };
		E406E77E26E5ABE600C35047 /* 黑金.png */ = {isa = PBXFileReference; lastKnownFileType = image.png; path = "黑金.png"; sourceTree = "<group>"; };
		E406E77F26E5ABE600C35047 /* 胶片04.png */ = {isa = PBXFileReference; lastKnownFileType = image.png; path = "胶片04.png"; sourceTree = "<group>"; };
		E406E78026E5ABE700C35047 /* Log.png */ = {isa = PBXFileReference; lastKnownFileType = image.png; path = Log.png; sourceTree = "<group>"; };
		E406E78126E5ABE700C35047 /* 青葱.png */ = {isa = PBXFileReference; lastKnownFileType = image.png; path = "青葱.png"; sourceTree = "<group>"; };
		E406E78226E5ABE700C35047 /* 美化.png */ = {isa = PBXFileReference; lastKnownFileType = image.png; path = "美化.png"; sourceTree = "<group>"; };
		E406E78326E5ABE700C35047 /* 晴空.png */ = {isa = PBXFileReference; lastKnownFileType = image.png; path = "晴空.png"; sourceTree = "<group>"; };
		E406E78426E5ABE700C35047 /* 海岛.png */ = {isa = PBXFileReference; lastKnownFileType = image.png; path = "海岛.png"; sourceTree = "<group>"; };
		E406E78526E5ABE700C35047 /* 和煦.png */ = {isa = PBXFileReference; lastKnownFileType = image.png; path = "和煦.png"; sourceTree = "<group>"; };
		E406E78626E5ABE700C35047 /* 仲夏.png */ = {isa = PBXFileReference; lastKnownFileType = image.png; path = "仲夏.png"; sourceTree = "<group>"; };
		E406E78726E5ABE700C35047 /* 初音.png */ = {isa = PBXFileReference; lastKnownFileType = image.png; path = "初音.png"; sourceTree = "<group>"; };
		E406E7A426E5B7F300C35047 /* 晴空_cover.jpeg */ = {isa = PBXFileReference; lastKnownFileType = image.jpeg; path = "晴空_cover.jpeg"; sourceTree = "<group>"; };
		E406E7A526E5B7F300C35047 /* 梦境_cover.jpeg */ = {isa = PBXFileReference; lastKnownFileType = image.jpeg; path = "梦境_cover.jpeg"; sourceTree = "<group>"; };
		E406E7A626E5B7F300C35047 /* 青橙_cover.png */ = {isa = PBXFileReference; lastKnownFileType = image.png; path = "青橙_cover.png"; sourceTree = "<group>"; };
		E406E7A726E5B7F300C35047 /* 初音_cover.jpeg */ = {isa = PBXFileReference; lastKnownFileType = image.jpeg; path = "初音_cover.jpeg"; sourceTree = "<group>"; };
		E406E7A826E5B7F300C35047 /* 和煦_cover.jpeg */ = {isa = PBXFileReference; lastKnownFileType = image.jpeg; path = "和煦_cover.jpeg"; sourceTree = "<group>"; };
		E406E7A926E5B7F300C35047 /* Log_cover.jpeg */ = {isa = PBXFileReference; lastKnownFileType = image.jpeg; path = Log_cover.jpeg; sourceTree = "<group>"; };
		E406E7AA26E5B7F300C35047 /* 玫瑰_cover.jpeg */ = {isa = PBXFileReference; lastKnownFileType = image.jpeg; path = "玫瑰_cover.jpeg"; sourceTree = "<group>"; };
		E406E7AB26E5B7F300C35047 /* 罗兰_cover.jpeg */ = {isa = PBXFileReference; lastKnownFileType = image.jpeg; path = "罗兰_cover.jpeg"; sourceTree = "<group>"; };
		E406E7AC26E5B7F300C35047 /* 旺角_cover.jpeg */ = {isa = PBXFileReference; lastKnownFileType = image.jpeg; path = "旺角_cover.jpeg"; sourceTree = "<group>"; };
		E406E7AD26E5B7F300C35047 /* 胶片01_cover.png */ = {isa = PBXFileReference; lastKnownFileType = image.png; path = "胶片01_cover.png"; sourceTree = "<group>"; };
		E406E7AE26E5B7F300C35047 /* 青葱_cover.jpeg */ = {isa = PBXFileReference; lastKnownFileType = image.jpeg; path = "青葱_cover.jpeg"; sourceTree = "<group>"; };
		E406E7AF26E5B7F300C35047 /* 仲夏_cover.jpeg */ = {isa = PBXFileReference; lastKnownFileType = image.jpeg; path = "仲夏_cover.jpeg"; sourceTree = "<group>"; };
		E406E7B026E5B7F300C35047 /* 美化_cover.jpeg */ = {isa = PBXFileReference; lastKnownFileType = image.jpeg; path = "美化_cover.jpeg"; sourceTree = "<group>"; };
		E406E7B126E5B7F300C35047 /* 香槟_cover.jpeg */ = {isa = PBXFileReference; lastKnownFileType = image.jpeg; path = "香槟_cover.jpeg"; sourceTree = "<group>"; };
		E406E7B226E5B7F300C35047 /* 海岛_cover.jpeg */ = {isa = PBXFileReference; lastKnownFileType = image.jpeg; path = "海岛_cover.jpeg"; sourceTree = "<group>"; };
		E406E7B326E5B7F300C35047 /* 胶片04_cover.png */ = {isa = PBXFileReference; lastKnownFileType = image.png; path = "胶片04_cover.png"; sourceTree = "<group>"; };
		E406E7B426E5B7F300C35047 /* 灰橙_cover.png */ = {isa = PBXFileReference; lastKnownFileType = image.png; path = "灰橙_cover.png"; sourceTree = "<group>"; };
		E406E7B526E5B7F300C35047 /* 加州_cover.jpeg */ = {isa = PBXFileReference; lastKnownFileType = image.jpeg; path = "加州_cover.jpeg"; sourceTree = "<group>"; };
		E406E7B626E5B7F300C35047 /* 胶片02_cover.png */ = {isa = PBXFileReference; lastKnownFileType = image.png; path = "胶片02_cover.png"; sourceTree = "<group>"; };
		E406E7B726E5B7F300C35047 /* 赛博朋克_cover.png */ = {isa = PBXFileReference; lastKnownFileType = image.png; path = "赛博朋克_cover.png"; sourceTree = "<group>"; };
		E406E7B826E5B7F300C35047 /* 极光_cover.jpeg */ = {isa = PBXFileReference; lastKnownFileType = image.jpeg; path = "极光_cover.jpeg"; sourceTree = "<group>"; };
		E406E7B926E5B7F300C35047 /* 胶片05_cover.png */ = {isa = PBXFileReference; lastKnownFileType = image.png; path = "胶片05_cover.png"; sourceTree = "<group>"; };
		E406E7BA26E5B7F300C35047 /* 暮色_cover.jpeg */ = {isa = PBXFileReference; lastKnownFileType = image.jpeg; path = "暮色_cover.jpeg"; sourceTree = "<group>"; };
		E406E7BB26E5B7F300C35047 /* 牛仔_cover.jpeg */ = {isa = PBXFileReference; lastKnownFileType = image.jpeg; path = "牛仔_cover.jpeg"; sourceTree = "<group>"; };
		E406E7BC26E5B7F300C35047 /* 胶片03_cover.png */ = {isa = PBXFileReference; lastKnownFileType = image.png; path = "胶片03_cover.png"; sourceTree = "<group>"; };
		E406E7BD26E5B7F300C35047 /* 蓝冰_cover.png */ = {isa = PBXFileReference; lastKnownFileType = image.png; path = "蓝冰_cover.png"; sourceTree = "<group>"; };
		E406E7BE26E5B7F300C35047 /* 黑金_cover.png */ = {isa = PBXFileReference; lastKnownFileType = image.png; path = "黑金_cover.png"; sourceTree = "<group>"; };
		E406E7DA26E5D23D00C35047 /* 3.jpeg */ = {isa = PBXFileReference; lastKnownFileType = image.jpeg; path = 3.jpeg; sourceTree = "<group>"; };
		E4438C9026E898B6008CAD26 /* WID-small.jpg */ = {isa = PBXFileReference; lastKnownFileType = image.jpeg; path = "WID-small.jpg"; sourceTree = "<group>"; };
		E44A4D7D26D5D8B700BDB0A3 /* FMOpenGLWindow.h */ = {isa = PBXFileReference; lastKnownFileType = sourcecode.c.h; path = FMOpenGLWindow.h; sourceTree = "<group>"; };
		E44A4D7E26D5D8B700BDB0A3 /* FMOpenGLWindow.m */ = {isa = PBXFileReference; lastKnownFileType = sourcecode.c.objc; path = FMOpenGLWindow.m; sourceTree = "<group>"; };
		E44A4D8026D5F56400BDB0A3 /* FMOpenGLTriangle.h */ = {isa = PBXFileReference; lastKnownFileType = sourcecode.c.h; path = FMOpenGLTriangle.h; sourceTree = "<group>"; };
		E44A4D8126D5F56400BDB0A3 /* FMOpenGLTriangle.m */ = {isa = PBXFileReference; lastKnownFileType = sourcecode.c.objc; path = FMOpenGLTriangle.m; sourceTree = "<group>"; };
		E44A4D8426D61D0700BDB0A3 /* FMOpenGLShader.h */ = {isa = PBXFileReference; lastKnownFileType = sourcecode.c.h; path = FMOpenGLShader.h; sourceTree = "<group>"; };
		E44A4D8526D61D0700BDB0A3 /* FMOpenGLShader.m */ = {isa = PBXFileReference; lastKnownFileType = sourcecode.c.objc; path = FMOpenGLShader.m; sourceTree = "<group>"; };
		E44A4D8726D6363F00BDB0A3 /* FMOpenGLShaderFinal.h */ = {isa = PBXFileReference; lastKnownFileType = sourcecode.c.h; path = FMOpenGLShaderFinal.h; sourceTree = "<group>"; };
		E44A4D8826D6363F00BDB0A3 /* FMOpenGLShaderFinal.m */ = {isa = PBXFileReference; lastKnownFileType = sourcecode.c.objc; path = FMOpenGLShaderFinal.m; sourceTree = "<group>"; };
		E44A4D8A26D779B200BDB0A3 /* FMOpenGLTexture.h */ = {isa = PBXFileReference; lastKnownFileType = sourcecode.c.h; path = FMOpenGLTexture.h; sourceTree = "<group>"; };
		E44A4D8B26D779B200BDB0A3 /* FMOpenGLTexture.m */ = {isa = PBXFileReference; lastKnownFileType = sourcecode.c.objc; path = FMOpenGLTexture.m; sourceTree = "<group>"; };
		E44A4D8D26D779DF00BDB0A3 /* PrefixHeader.pch */ = {isa = PBXFileReference; lastKnownFileType = sourcecode.c.h; path = PrefixHeader.pch; sourceTree = "<group>"; };
		E44A4D8E26D77AAC00BDB0A3 /* FMOpenGLView.h */ = {isa = PBXFileReference; lastKnownFileType = sourcecode.c.h; path = FMOpenGLView.h; sourceTree = "<group>"; };
		E44A4D8F26D77AAC00BDB0A3 /* FMOpenGLView.m */ = {isa = PBXFileReference; lastKnownFileType = sourcecode.c.objc; path = FMOpenGLView.m; sourceTree = "<group>"; };
		E44A4D9226D7896000BDB0A3 /* 1.jpeg */ = {isa = PBXFileReference; lastKnownFileType = image.jpeg; path = 1.jpeg; sourceTree = "<group>"; };
		E44A4D9326D7896000BDB0A3 /* 4.jpeg */ = {isa = PBXFileReference; lastKnownFileType = image.jpeg; path = 4.jpeg; sourceTree = "<group>"; };
		E44A4D9726D79EED00BDB0A3 /* FMOpenGLVC.h */ = {isa = PBXFileReference; lastKnownFileType = sourcecode.c.h; path = FMOpenGLVC.h; sourceTree = "<group>"; };
		E44A4D9826D79EED00BDB0A3 /* FMOpenGLVC.m */ = {isa = PBXFileReference; lastKnownFileType = sourcecode.c.objc; path = FMOpenGLVC.m; sourceTree = "<group>"; };
		E44A4D9B26D891B200BDB0A3 /* matrix.h */ = {isa = PBXFileReference; fileEncoding = 4; lastKnownFileType = sourcecode.c.h; path = matrix.h; sourceTree = "<group>"; };
		E44A4D9C26D891B200BDB0A3 /* matrix.c */ = {isa = PBXFileReference; fileEncoding = 4; lastKnownFileType = sourcecode.c.c; path = matrix.c; sourceTree = "<group>"; };
		E49275AE26F58B2500834D03 /* FMCameraFilterVC.h */ = {isa = PBXFileReference; lastKnownFileType = sourcecode.c.h; path = FMCameraFilterVC.h; sourceTree = "<group>"; };
		E49275AF26F58B2500834D03 /* FMCameraFilterVC.m */ = {isa = PBXFileReference; lastKnownFileType = sourcecode.c.objc; path = FMCameraFilterVC.m; sourceTree = "<group>"; };
		E49275B126F592B000834D03 /* FMCameraOpenGLView.h */ = {isa = PBXFileReference; lastKnownFileType = sourcecode.c.h; path = FMCameraOpenGLView.h; sourceTree = "<group>"; };
		E49275B226F592B000834D03 /* FMCameraOpenGLView.m */ = {isa = PBXFileReference; lastKnownFileType = sourcecode.c.objc; path = FMCameraOpenGLView.m; sourceTree = "<group>"; };
		E4BED5DD26D334390033F2EB /* LearnOpenGL.app */ = {isa = PBXFileReference; explicitFileType = wrapper.application; includeInIndex = 0; path = LearnOpenGL.app; sourceTree = BUILT_PRODUCTS_DIR; };
		E4BED5E026D334390033F2EB /* AppDelegate.h */ = {isa = PBXFileReference; lastKnownFileType = sourcecode.c.h; path = AppDelegate.h; sourceTree = "<group>"; };
		E4BED5E126D334390033F2EB /* AppDelegate.m */ = {isa = PBXFileReference; lastKnownFileType = sourcecode.c.objc; path = AppDelegate.m; sourceTree = "<group>"; };
		E4BED5E626D334390033F2EB /* ViewController.h */ = {isa = PBXFileReference; lastKnownFileType = sourcecode.c.h; path = ViewController.h; sourceTree = "<group>"; };
		E4BED5E726D334390033F2EB /* ViewController.m */ = {isa = PBXFileReference; lastKnownFileType = sourcecode.c.objc; path = ViewController.m; sourceTree = "<group>"; };
		E4BED5EA26D3343A0033F2EB /* Base */ = {isa = PBXFileReference; lastKnownFileType = file.storyboard; name = Base; path = Base.lproj/Main.storyboard; sourceTree = "<group>"; };
		E4BED5EC26D334400033F2EB /* Assets.xcassets */ = {isa = PBXFileReference; lastKnownFileType = folder.assetcatalog; path = Assets.xcassets; sourceTree = "<group>"; };
		E4BED5EF26D334400033F2EB /* Base */ = {isa = PBXFileReference; lastKnownFileType = file.storyboard; name = Base; path = Base.lproj/LaunchScreen.storyboard; sourceTree = "<group>"; };
		E4BED5F126D334400033F2EB /* Info.plist */ = {isa = PBXFileReference; lastKnownFileType = text.plist.xml; path = Info.plist; sourceTree = "<group>"; };
		E4BED5F226D334400033F2EB /* main.m */ = {isa = PBXFileReference; lastKnownFileType = sourcecode.c.objc; path = main.m; sourceTree = "<group>"; };
		E4BED5FA26D33B400033F2EB /* FMTriangleView.h */ = {isa = PBXFileReference; lastKnownFileType = sourcecode.c.h; path = FMTriangleView.h; sourceTree = "<group>"; };
		E4BED5FB26D33B400033F2EB /* FMTriangleView.m */ = {isa = PBXFileReference; lastKnownFileType = sourcecode.c.objc; path = FMTriangleView.m; sourceTree = "<group>"; };
		E4BED5FE26D33CC20033F2EB /* OpenGLES.framework */ = {isa = PBXFileReference; lastKnownFileType = wrapper.framework; name = OpenGLES.framework; path = System/Library/Frameworks/OpenGLES.framework; sourceTree = SDKROOT; };
		E4BED6AB26D3AFB10033F2EB /* FMOpenGLTriangleView.h */ = {isa = PBXFileReference; lastKnownFileType = sourcecode.c.h; path = FMOpenGLTriangleView.h; sourceTree = "<group>"; };
		E4BED6AC26D3AFB10033F2EB /* FMOpenGLTriangleView.m */ = {isa = PBXFileReference; lastKnownFileType = sourcecode.c.objc; path = FMOpenGLTriangleView.m; sourceTree = "<group>"; };
/* End PBXFileReference section */

/* Begin PBXFrameworksBuildPhase section */
		E4BED5DA26D334390033F2EB /* Frameworks */ = {
			isa = PBXFrameworksBuildPhase;
			buildActionMask = 2147483647;
			files = (
				E4BED5FF26D33CC20033F2EB /* OpenGLES.framework in Frameworks */,
				BE586CAE016A1B2B49F8B952 /* libPods-LearnOpenGL.a in Frameworks */,
			);
			runOnlyForDeploymentPostprocessing = 0;
		};
/* End PBXFrameworksBuildPhase section */

/* Begin PBXGroup section */
		CF57A69DD5413014FD49607A /* Pods */ = {
			isa = PBXGroup;
			children = (
				74D965FBC4E43AD6F4CE8E1C /* Pods-LearnOpenGL.debug.xcconfig */,
				ABF1E9628FD39D92374D8DB6 /* Pods-LearnOpenGL.release.xcconfig */,
			);
			path = Pods;
			sourceTree = "<group>";
		};
		E406E72826E2210A00C35047 /* Lut */ = {
			isa = PBXGroup;
			children = (
				E406E76C26E5ABCE00C35047 /* all */,
				E406E72926E2210A00C35047 /* 美食 */,
				E406E72F26E2210A00C35047 /* 风景 */,
				E406E73526E2210A00C35047 /* 人像 */,
				E406E73B26E2210A00C35047 /* 通用 */,
				E406E74626E2210A00C35047 /* Cover */,
			);
			path = Lut;
			sourceTree = "<group>";
		};
		E406E72926E2210A00C35047 /* 美食 */ = {
			isa = PBXGroup;
			children = (
				E406E72A26E2210A00C35047 /* F01.png */,
				E406E72B26E2210A00C35047 /* F02.png */,
				E406E72C26E2210A00C35047 /* F03.png */,
				E406E72D26E2210A00C35047 /* F04.png */,
				E406E72E26E2210A00C35047 /* F05.png */,
			);
			path = "美食";
			sourceTree = "<group>";
		};
		E406E72F26E2210A00C35047 /* 风景 */ = {
			isa = PBXGroup;
			children = (
				E406E73026E2210A00C35047 /* L03.png */,
				E406E73126E2210A00C35047 /* L02.png */,
				E406E73226E2210A00C35047 /* L01.png */,
				E406E73326E2210A00C35047 /* L05.png */,
				E406E73426E2210A00C35047 /* L04.png */,
			);
			path = "风景";
			sourceTree = "<group>";
		};
		E406E73526E2210A00C35047 /* 人像 */ = {
			isa = PBXGroup;
			children = (
				E406E73626E2210A00C35047 /* P05.png */,
				E406E73726E2210A00C35047 /* P04.png */,
				E406E73826E2210A00C35047 /* P01.png */,
				E406E73926E2210A00C35047 /* P03.png */,
				E406E73A26E2210A00C35047 /* P02.png */,
			);
			path = "人像";
			sourceTree = "<group>";
		};
		E406E73B26E2210A00C35047 /* 通用 */ = {
			isa = PBXGroup;
			children = (
				E406E73C26E2210A00C35047 /* C09.png */,
				E406E73D26E2210A00C35047 /* C08.png */,
				E406E73E26E2210A00C35047 /* C06.png */,
				E406E73F26E2210A00C35047 /* C07.png */,
				E406E74026E2210A00C35047 /* C05.png */,
				E406E74126E2210A00C35047 /* C10.png */,
				E406E74226E2210A00C35047 /* C04.png */,
				E406E74326E2210A00C35047 /* C01.png */,
				E406E74426E2210A00C35047 /* C03.png */,
				E406E74526E2210A00C35047 /* C02.png */,
			);
			path = "通用";
			sourceTree = "<group>";
		};
		E406E74626E2210A00C35047 /* Cover */ = {
			isa = PBXGroup;
			children = (
				E406E74726E2210A00C35047 /* filter_scape_cover.png */,
				E406E74826E2210A00C35047 /* filter_orignal_cover.png */,
				E406E74926E2210A00C35047 /* filter_general_cover.png */,
				E406E74A26E2210A00C35047 /* filter_food_cover.png */,
				E406E74B26E2210A00C35047 /* filter_people_cover.png */,
			);
			path = Cover;
			sourceTree = "<group>";
		};
		E406E76C26E5ABCE00C35047 /* all */ = {
			isa = PBXGroup;
			children = (
				E406E7A326E5B7F300C35047 /* cover */,
				E406E78726E5ABE700C35047 /* 初音.png */,
				E406E78426E5ABE700C35047 /* 海岛.png */,
				E406E78526E5ABE700C35047 /* 和煦.png */,
				E406E77E26E5ABE600C35047 /* 黑金.png */,
				E406E76F26E5ABE500C35047 /* 灰橙.png */,
				E406E77D26E5ABE600C35047 /* 极光.png */,
				E406E76D26E5ABE400C35047 /* 加州.png */,
				E406E77026E5ABE500C35047 /* 胶片01.png */,
				E406E77B26E5ABE600C35047 /* 胶片02.png */,
				E406E77526E5ABE500C35047 /* 胶片03.png */,
				E406E77F26E5ABE600C35047 /* 胶片04.png */,
				E406E77426E5ABE500C35047 /* 胶片05.png */,
				E406E77C26E5ABE600C35047 /* 蓝冰.png */,
				E406E77326E5ABE500C35047 /* 罗兰.png */,
				E406E77826E5ABE600C35047 /* 玫瑰.png */,
				E406E78226E5ABE700C35047 /* 美化.png */,
				E406E77626E5ABE600C35047 /* 梦境.png */,
				E406E77126E5ABE500C35047 /* 暮色.png */,
				E406E76E26E5ABE500C35047 /* 牛仔.png */,
				E406E77926E5ABE600C35047 /* 青橙.png */,
				E406E78126E5ABE700C35047 /* 青葱.png */,
				E406E78326E5ABE700C35047 /* 晴空.png */,
				E406E77A26E5ABE600C35047 /* 赛博朋克.png */,
				E406E77226E5ABE500C35047 /* 旺角.png */,
				E406E77726E5ABE600C35047 /* 香槟.png */,
				E406E78626E5ABE700C35047 /* 仲夏.png */,
				E406E78026E5ABE700C35047 /* Log.png */,
			);
			path = all;
			sourceTree = "<group>";
		};
		E406E7A326E5B7F300C35047 /* cover */ = {
			isa = PBXGroup;
			children = (
				E406E7A426E5B7F300C35047 /* 晴空_cover.jpeg */,
				E406E7A526E5B7F300C35047 /* 梦境_cover.jpeg */,
				E406E7A626E5B7F300C35047 /* 青橙_cover.png */,
				E406E7A726E5B7F300C35047 /* 初音_cover.jpeg */,
				E406E7A826E5B7F300C35047 /* 和煦_cover.jpeg */,
				E406E7A926E5B7F300C35047 /* Log_cover.jpeg */,
				E406E7AA26E5B7F300C35047 /* 玫瑰_cover.jpeg */,
				E406E7AB26E5B7F300C35047 /* 罗兰_cover.jpeg */,
				E406E7AC26E5B7F300C35047 /* 旺角_cover.jpeg */,
				E406E7AD26E5B7F300C35047 /* 胶片01_cover.png */,
				E406E7AE26E5B7F300C35047 /* 青葱_cover.jpeg */,
				E406E7AF26E5B7F300C35047 /* 仲夏_cover.jpeg */,
				E406E7B026E5B7F300C35047 /* 美化_cover.jpeg */,
				E406E7B126E5B7F300C35047 /* 香槟_cover.jpeg */,
				E406E7B226E5B7F300C35047 /* 海岛_cover.jpeg */,
				E406E7B326E5B7F300C35047 /* 胶片04_cover.png */,
				E406E7B426E5B7F300C35047 /* 灰橙_cover.png */,
				E406E7B526E5B7F300C35047 /* 加州_cover.jpeg */,
				E406E7B626E5B7F300C35047 /* 胶片02_cover.png */,
				E406E7B726E5B7F300C35047 /* 赛博朋克_cover.png */,
				E406E7B826E5B7F300C35047 /* 极光_cover.jpeg */,
				E406E7B926E5B7F300C35047 /* 胶片05_cover.png */,
				E406E7BA26E5B7F300C35047 /* 暮色_cover.jpeg */,
				E406E7BB26E5B7F300C35047 /* 牛仔_cover.jpeg */,
				E406E7BC26E5B7F300C35047 /* 胶片03_cover.png */,
				E406E7BD26E5B7F300C35047 /* 蓝冰_cover.png */,
				E406E7BE26E5B7F300C35047 /* 黑金_cover.png */,
			);
			path = cover;
			sourceTree = "<group>";
		};
		E44A4D8326D5F56B00BDB0A3 /* remain */ = {
			isa = PBXGroup;
			children = (
				E4BED6AB26D3AFB10033F2EB /* FMOpenGLTriangleView.h */,
				E4BED6AC26D3AFB10033F2EB /* FMOpenGLTriangleView.m */,
				E4BED5FA26D33B400033F2EB /* FMTriangleView.h */,
				E4BED5FB26D33B400033F2EB /* FMTriangleView.m */,
			);
			path = remain;
			sourceTree = "<group>";
		};
		E44A4D9126D7894F00BDB0A3 /* Resources */ = {
			isa = PBXGroup;
			children = (
				E406E72826E2210A00C35047 /* Lut */,
				E406E72626E218B800C35047 /* lookup.png */,
				E406E7DA26E5D23D00C35047 /* 3.jpeg */,
				E44A4D9226D7896000BDB0A3 /* 1.jpeg */,
				E44A4D9326D7896000BDB0A3 /* 4.jpeg */,
				E406E76A26E2266000C35047 /* 2.jpeg */,
				E4438C9026E898B6008CAD26 /* WID-small.jpg */,
			);
			path = Resources;
			sourceTree = "<group>";
		};
		E44A4D9626D79E0C00BDB0A3 /* SupportingFiles */ = {
			isa = PBXGroup;
			children = (
				E4BED5E926D3343A0033F2EB /* Main.storyboard */,
				E4BED5EC26D334400033F2EB /* Assets.xcassets */,
				E4BED5EE26D334400033F2EB /* LaunchScreen.storyboard */,
				E4BED5F126D334400033F2EB /* Info.plist */,
				E4BED5F226D334400033F2EB /* main.m */,
				E44A4D8D26D779DF00BDB0A3 /* PrefixHeader.pch */,
			);
			path = SupportingFiles;
			sourceTree = "<group>";
		};
		E44A4D9A26D891AA00BDB0A3 /* Matrix */ = {
			isa = PBXGroup;
			children = (
				E44A4D9B26D891B200BDB0A3 /* matrix.h */,
				E44A4D9C26D891B200BDB0A3 /* matrix.c */,
			);
			path = Matrix;
			sourceTree = "<group>";
		};
		E4BED5D426D334390033F2EB = {
			isa = PBXGroup;
			children = (
				E4BED5DF26D334390033F2EB /* LearnOpenGL */,
				E4BED5DE26D334390033F2EB /* Products */,
				E4BED5FD26D33CC20033F2EB /* Frameworks */,
				CF57A69DD5413014FD49607A /* Pods */,
			);
			sourceTree = "<group>";
		};
		E4BED5DE26D334390033F2EB /* Products */ = {
			isa = PBXGroup;
			children = (
				E4BED5DD26D334390033F2EB /* LearnOpenGL.app */,
			);
			name = Products;
			sourceTree = "<group>";
		};
		E4BED5DF26D334390033F2EB /* LearnOpenGL */ = {
			isa = PBXGroup;
			children = (
				E4BED5E026D334390033F2EB /* AppDelegate.h */,
				E4BED5E126D334390033F2EB /* AppDelegate.m */,
				E4BED5E626D334390033F2EB /* ViewController.h */,
				E4BED5E726D334390033F2EB /* ViewController.m */,
				E44A4D9726D79EED00BDB0A3 /* FMOpenGLVC.h */,
				E44A4D9826D79EED00BDB0A3 /* FMOpenGLVC.m */,
				E49275AE26F58B2500834D03 /* FMCameraFilterVC.h */,
				E49275AF26F58B2500834D03 /* FMCameraFilterVC.m */,
				E49275B126F592B000834D03 /* FMCameraOpenGLView.h */,
				E49275B226F592B000834D03 /* FMCameraOpenGLView.m */,
				E4BED5F926D3346D0033F2EB /* Source */,
				E44A4D9126D7894F00BDB0A3 /* Resources */,
				E44A4D9626D79E0C00BDB0A3 /* SupportingFiles */,
			);
			path = LearnOpenGL;
			sourceTree = "<group>";
		};
		E4BED5F926D3346D0033F2EB /* Source */ = {
			isa = PBXGroup;
			children = (
				E44A4D8E26D77AAC00BDB0A3 /* FMOpenGLView.h */,
				E44A4D8F26D77AAC00BDB0A3 /* FMOpenGLView.m */,
				E44A4D7D26D5D8B700BDB0A3 /* FMOpenGLWindow.h */,
				E44A4D7E26D5D8B700BDB0A3 /* FMOpenGLWindow.m */,
				E44A4D8026D5F56400BDB0A3 /* FMOpenGLTriangle.h */,
				E44A4D8126D5F56400BDB0A3 /* FMOpenGLTriangle.m */,
				E44A4D8426D61D0700BDB0A3 /* FMOpenGLShader.h */,
				E44A4D8526D61D0700BDB0A3 /* FMOpenGLShader.m */,
				E44A4D8726D6363F00BDB0A3 /* FMOpenGLShaderFinal.h */,
				E44A4D8826D6363F00BDB0A3 /* FMOpenGLShaderFinal.m */,
				E44A4D8A26D779B200BDB0A3 /* FMOpenGLTexture.h */,
				E44A4D8B26D779B200BDB0A3 /* FMOpenGLTexture.m */,
				E406E72326E2188300C35047 /* FMOpenGLLutView.h */,
				E406E72426E2188300C35047 /* FMOpenGLLutView.m */,
				E44A4D8326D5F56B00BDB0A3 /* remain */,
				E44A4D9A26D891AA00BDB0A3 /* Matrix */,
			);
			path = Source;
			sourceTree = "<group>";
		};
		E4BED5FD26D33CC20033F2EB /* Frameworks */ = {
			isa = PBXGroup;
			children = (
				E4BED5FE26D33CC20033F2EB /* OpenGLES.framework */,
				DB170A91AB84CF3EACA3C1B5 /* libPods-LearnOpenGL.a */,
			);
			name = Frameworks;
			sourceTree = "<group>";
		};
/* End PBXGroup section */

/* Begin PBXNativeTarget section */
		E4BED5DC26D334390033F2EB /* LearnOpenGL */ = {
			isa = PBXNativeTarget;
			buildConfigurationList = E4BED5F626D334410033F2EB /* Build configuration list for PBXNativeTarget "LearnOpenGL" */;
			buildPhases = (
				CD9C9A4B6662C7CEE7DAD21E /* [CP] Check Pods Manifest.lock */,
				E4BED5D926D334390033F2EB /* Sources */,
				E4BED5DA26D334390033F2EB /* Frameworks */,
				E4BED5DB26D334390033F2EB /* Resources */,
			);
			buildRules = (
			);
			dependencies = (
			);
			name = LearnOpenGL;
			productName = "LearnOpenGL1(三角形)";
			productReference = E4BED5DD26D334390033F2EB /* LearnOpenGL.app */;
			productType = "com.apple.product-type.application";
		};
/* End PBXNativeTarget section */

/* Begin PBXProject section */
		E4BED5D526D334390033F2EB /* Project object */ = {
			isa = PBXProject;
			attributes = {
				LastUpgradeCheck = 1250;
				TargetAttributes = {
					E4BED5DC26D334390033F2EB = {
						CreatedOnToolsVersion = 12.5;
					};
				};
			};
			buildConfigurationList = E4BED5D826D334390033F2EB /* Build configuration list for PBXProject "LearnOpenGL" */;
			compatibilityVersion = "Xcode 9.3";
			developmentRegion = en;
			hasScannedForEncodings = 0;
			knownRegions = (
				en,
				Base,
			);
			mainGroup = E4BED5D426D334390033F2EB;
			productRefGroup = E4BED5DE26D334390033F2EB /* Products */;
			projectDirPath = "";
			projectRoot = "";
			targets = (
				E4BED5DC26D334390033F2EB /* LearnOpenGL */,
			);
		};
/* End PBXProject section */

/* Begin PBXResourcesBuildPhase section */
		E4BED5DB26D334390033F2EB /* Resources */ = {
			isa = PBXResourcesBuildPhase;
			buildActionMask = 2147483647;
			files = (
				E406E78E26E5ABE700C35047 /* 罗兰.png in Resources */,
				E406E7C326E5B7F300C35047 /* 和煦_cover.jpeg in Resources */,
				E406E75A26E2210A00C35047 /* P02.png in Resources */,
				E406E79126E5ABE700C35047 /* 梦境.png in Resources */,
				E406E76126E2210A00C35047 /* C04.png in Resources */,
				E406E74E26E2210A00C35047 /* F03.png in Resources */,
				E406E75226E2210A00C35047 /* L02.png in Resources */,
				E406E79626E5ABE700C35047 /* 胶片02.png in Resources */,
				E406E75D26E2210A00C35047 /* C06.png in Resources */,
				E44A4D9426D7896000BDB0A3 /* 1.jpeg in Resources */,
				E406E7BF26E5B7F300C35047 /* 晴空_cover.jpeg in Resources */,
				E406E7A226E5ABE800C35047 /* 初音.png in Resources */,
				E406E76626E2210A00C35047 /* filter_orignal_cover.png in Resources */,
				E406E7C826E5B7F300C35047 /* 胶片01_cover.png in Resources */,
				E406E7C526E5B7F300C35047 /* 玫瑰_cover.jpeg in Resources */,
				E406E7D726E5B7F400C35047 /* 胶片03_cover.png in Resources */,
				E406E7C626E5B7F300C35047 /* 罗兰_cover.jpeg in Resources */,
				E406E76326E2210A00C35047 /* C03.png in Resources */,
				E406E79726E5ABE700C35047 /* 蓝冰.png in Resources */,
				E406E7C126E5B7F300C35047 /* 青橙_cover.png in Resources */,
				E406E75826E2210A00C35047 /* P01.png in Resources */,
				E406E7CA26E5B7F300C35047 /* 仲夏_cover.jpeg in Resources */,
				E406E7C926E5B7F300C35047 /* 青葱_cover.jpeg in Resources */,
				E406E75426E2210A00C35047 /* L05.png in Resources */,
				E406E78A26E5ABE700C35047 /* 灰橙.png in Resources */,
				E406E7C726E5B7F300C35047 /* 旺角_cover.jpeg in Resources */,
				E406E75626E2210A00C35047 /* P05.png in Resources */,
				E406E75326E2210A00C35047 /* L01.png in Resources */,
				E406E75726E2210A00C35047 /* P04.png in Resources */,
				E4BED5F026D334400033F2EB /* LaunchScreen.storyboard in Resources */,
				E406E7D126E5B7F400C35047 /* 胶片02_cover.png in Resources */,
				E406E7D626E5B7F400C35047 /* 牛仔_cover.jpeg in Resources */,
				E406E79826E5ABE700C35047 /* 极光.png in Resources */,
				E406E7C226E5B7F300C35047 /* 初音_cover.jpeg in Resources */,
				E406E79926E5ABE700C35047 /* 黑金.png in Resources */,
				E406E79226E5ABE700C35047 /* 香槟.png in Resources */,
				E406E75926E2210A00C35047 /* P03.png in Resources */,
				E406E75C26E2210A00C35047 /* C08.png in Resources */,
				E406E79C26E5ABE800C35047 /* 青葱.png in Resources */,
				E406E79426E5ABE700C35047 /* 青橙.png in Resources */,
				E4438C9126E898B6008CAD26 /* WID-small.jpg in Resources */,
				E406E7D226E5B7F400C35047 /* 赛博朋克_cover.png in Resources */,
				E406E79326E5ABE700C35047 /* 玫瑰.png in Resources */,
				E406E7D926E5B7F400C35047 /* 黑金_cover.png in Resources */,
				E406E78C26E5ABE700C35047 /* 暮色.png in Resources */,
				E406E7CB26E5B7F300C35047 /* 美化_cover.jpeg in Resources */,
				E406E7C026E5B7F300C35047 /* 梦境_cover.jpeg in Resources */,
				E406E7D426E5B7F400C35047 /* 胶片05_cover.png in Resources */,
				E406E79B26E5ABE800C35047 /* Log.png in Resources */,
				E406E76726E2210A00C35047 /* filter_general_cover.png in Resources */,
				E406E74D26E2210A00C35047 /* F02.png in Resources */,
				E406E75F26E2210A00C35047 /* C05.png in Resources */,
				E406E78826E5ABE700C35047 /* 加州.png in Resources */,
				E406E76826E2210A00C35047 /* filter_food_cover.png in Resources */,
				E406E78F26E5ABE700C35047 /* 胶片05.png in Resources */,
				E406E76426E2210A00C35047 /* C02.png in Resources */,
				E406E76026E2210A00C35047 /* C10.png in Resources */,
				E406E78B26E5ABE700C35047 /* 胶片01.png in Resources */,
				E44A4D9526D7896000BDB0A3 /* 4.jpeg in Resources */,
				E406E72726E218B800C35047 /* lookup.png in Resources */,
				E406E76B26E2266000C35047 /* 2.jpeg in Resources */,
				E406E78D26E5ABE700C35047 /* 旺角.png in Resources */,
				E406E7D026E5B7F400C35047 /* 加州_cover.jpeg in Resources */,
				E406E79F26E5ABE800C35047 /* 海岛.png in Resources */,
				E406E7D526E5B7F400C35047 /* 暮色_cover.jpeg in Resources */,
				E406E78926E5ABE700C35047 /* 牛仔.png in Resources */,
				E406E7D826E5B7F400C35047 /* 蓝冰_cover.png in Resources */,
				E406E7CC26E5B7F300C35047 /* 香槟_cover.jpeg in Resources */,
				E406E76226E2210A00C35047 /* C01.png in Resources */,
				E406E79D26E5ABE800C35047 /* 美化.png in Resources */,
				E406E7C426E5B7F300C35047 /* Log_cover.jpeg in Resources */,
				E4BED5ED26D334400033F2EB /* Assets.xcassets in Resources */,
				E406E75526E2210A00C35047 /* L04.png in Resources */,
				E406E7A126E5ABE800C35047 /* 仲夏.png in Resources */,
				E406E7DB26E5D23D00C35047 /* 3.jpeg in Resources */,
				E406E7CE26E5B7F300C35047 /* 胶片04_cover.png in Resources */,
				E406E76526E2210A00C35047 /* filter_scape_cover.png in Resources */,
				E406E79026E5ABE700C35047 /* 胶片03.png in Resources */,
				E406E79526E5ABE700C35047 /* 赛博朋克.png in Resources */,
				E406E75026E2210A00C35047 /* F05.png in Resources */,
				E406E7CF26E5B7F400C35047 /* 灰橙_cover.png in Resources */,
				E4BED5EB26D3343A0033F2EB /* Main.storyboard in Resources */,
				E406E76926E2210A00C35047 /* filter_people_cover.png in Resources */,
				E406E75B26E2210A00C35047 /* C09.png in Resources */,
				E406E7D326E5B7F400C35047 /* 极光_cover.jpeg in Resources */,
				E406E75126E2210A00C35047 /* L03.png in Resources */,
				E406E79E26E5ABE800C35047 /* 晴空.png in Resources */,
				E406E79A26E5ABE800C35047 /* 胶片04.png in Resources */,
				E406E75E26E2210A00C35047 /* C07.png in Resources */,
				E406E7A026E5ABE800C35047 /* 和煦.png in Resources */,
				E406E74F26E2210A00C35047 /* F04.png in Resources */,
				E406E74C26E2210A00C35047 /* F01.png in Resources */,
				E406E7CD26E5B7F300C35047 /* 海岛_cover.jpeg in Resources */,
			);
			runOnlyForDeploymentPostprocessing = 0;
		};
/* End PBXResourcesBuildPhase section */

/* Begin PBXShellScriptBuildPhase section */
		CD9C9A4B6662C7CEE7DAD21E /* [CP] Check Pods Manifest.lock */ = {
			isa = PBXShellScriptBuildPhase;
			buildActionMask = 2147483647;
			files = (
			);
			inputFileListPaths = (
			);
			inputPaths = (
				"${PODS_PODFILE_DIR_PATH}/Podfile.lock",
				"${PODS_ROOT}/Manifest.lock",
			);
			name = "[CP] Check Pods Manifest.lock";
			outputFileListPaths = (
			);
			outputPaths = (
				"$(DERIVED_FILE_DIR)/Pods-LearnOpenGL-checkManifestLockResult.txt",
			);
			runOnlyForDeploymentPostprocessing = 0;
			shellPath = /bin/sh;
			shellScript = "diff \"${PODS_PODFILE_DIR_PATH}/Podfile.lock\" \"${PODS_ROOT}/Manifest.lock\" > /dev/null\nif [ $? != 0 ] ; then\n    # print error to STDERR\n    echo \"error: The sandbox is not in sync with the Podfile.lock. Run 'pod install' or update your CocoaPods installation.\" >&2\n    exit 1\nfi\n# This output is used by Xcode 'outputs' to avoid re-running this script phase.\necho \"SUCCESS\" > \"${SCRIPT_OUTPUT_FILE_0}\"\n";
			showEnvVarsInLog = 0;
		};
/* End PBXShellScriptBuildPhase section */

/* Begin PBXSourcesBuildPhase section */
		E4BED5D926D334390033F2EB /* Sources */ = {
			isa = PBXSourcesBuildPhase;
			buildActionMask = 2147483647;
			files = (
				E44A4D9026D77AAC00BDB0A3 /* FMOpenGLView.m in Sources */,
				E4BED6AD26D3AFB10033F2EB /* FMOpenGLTriangleView.m in Sources */,
				E406E72526E2188300C35047 /* FMOpenGLLutView.m in Sources */,
				E44A4D8C26D779B200BDB0A3 /* FMOpenGLTexture.m in Sources */,
				E49275B026F58B2500834D03 /* FMCameraFilterVC.m in Sources */,
				E4BED5E826D334390033F2EB /* ViewController.m in Sources */,
				E44A4D9926D79EED00BDB0A3 /* FMOpenGLVC.m in Sources */,
				E4BED5E226D334390033F2EB /* AppDelegate.m in Sources */,
				E44A4D8926D6363F00BDB0A3 /* FMOpenGLShaderFinal.m in Sources */,
				E44A4D8226D5F56400BDB0A3 /* FMOpenGLTriangle.m in Sources */,
				E44A4D8626D61D0700BDB0A3 /* FMOpenGLShader.m in Sources */,
				E49275B326F592B000834D03 /* FMCameraOpenGLView.m in Sources */,
				E44A4D7F26D5D8B700BDB0A3 /* FMOpenGLWindow.m in Sources */,
				E4BED5FC26D33B400033F2EB /* FMTriangleView.m in Sources */,
				E4BED5F326D334400033F2EB /* main.m in Sources */,
				E44A4D9D26D891B200BDB0A3 /* matrix.c in Sources */,
			);
			runOnlyForDeploymentPostprocessing = 0;
		};
/* End PBXSourcesBuildPhase section */

/* Begin PBXVariantGroup section */
		E4BED5E926D3343A0033F2EB /* Main.storyboard */ = {
			isa = PBXVariantGroup;
			children = (
				E4BED5EA26D3343A0033F2EB /* Base */,
			);
			name = Main.storyboard;
			sourceTree = "<group>";
		};
		E4BED5EE26D334400033F2EB /* LaunchScreen.storyboard */ = {
			isa = PBXVariantGroup;
			children = (
				E4BED5EF26D334400033F2EB /* Base */,
			);
			name = LaunchScreen.storyboard;
			sourceTree = "<group>";
		};
/* End PBXVariantGroup section */

/* Begin XCBuildConfiguration section */
		E4BED5F426D334410033F2EB /* Debug */ = {
			isa = XCBuildConfiguration;
			buildSettings = {
				ALWAYS_SEARCH_USER_PATHS = NO;
				CLANG_ANALYZER_NONNULL = YES;
				CLANG_ANALYZER_NUMBER_OBJECT_CONVERSION = YES_AGGRESSIVE;
				CLANG_CXX_LANGUAGE_STANDARD = "gnu++14";
				CLANG_CXX_LIBRARY = "libc++";
				CLANG_ENABLE_MODULES = YES;
				CLANG_ENABLE_OBJC_ARC = YES;
				CLANG_ENABLE_OBJC_WEAK = YES;
				CLANG_WARN_BLOCK_CAPTURE_AUTORELEASING = YES;
				CLANG_WARN_BOOL_CONVERSION = YES;
				CLANG_WARN_COMMA = YES;
				CLANG_WARN_CONSTANT_CONVERSION = YES;
				CLANG_WARN_DEPRECATED_OBJC_IMPLEMENTATIONS = YES;
				CLANG_WARN_DIRECT_OBJC_ISA_USAGE = YES_ERROR;
				CLANG_WARN_DOCUMENTATION_COMMENTS = YES;
				CLANG_WARN_EMPTY_BODY = YES;
				CLANG_WARN_ENUM_CONVERSION = YES;
				CLANG_WARN_INFINITE_RECURSION = YES;
				CLANG_WARN_INT_CONVERSION = YES;
				CLANG_WARN_NON_LITERAL_NULL_CONVERSION = YES;
				CLANG_WARN_OBJC_IMPLICIT_RETAIN_SELF = YES;
				CLANG_WARN_OBJC_LITERAL_CONVERSION = YES;
				CLANG_WARN_OBJC_ROOT_CLASS = YES_ERROR;
				CLANG_WARN_QUOTED_INCLUDE_IN_FRAMEWORK_HEADER = YES;
				CLANG_WARN_RANGE_LOOP_ANALYSIS = YES;
				CLANG_WARN_STRICT_PROTOTYPES = YES;
				CLANG_WARN_SUSPICIOUS_MOVE = YES;
				CLANG_WARN_UNGUARDED_AVAILABILITY = YES_AGGRESSIVE;
				CLANG_WARN_UNREACHABLE_CODE = YES;
				CLANG_WARN__DUPLICATE_METHOD_MATCH = YES;
				COPY_PHASE_STRIP = NO;
				DEBUG_INFORMATION_FORMAT = dwarf;
				ENABLE_STRICT_OBJC_MSGSEND = YES;
				ENABLE_TESTABILITY = YES;
				GCC_C_LANGUAGE_STANDARD = gnu11;
				GCC_DYNAMIC_NO_PIC = NO;
				GCC_NO_COMMON_BLOCKS = YES;
				GCC_OPTIMIZATION_LEVEL = 0;
				GCC_PREPROCESSOR_DEFINITIONS = (
					"DEBUG=1",
					"$(inherited)",
				);
				GCC_WARN_64_TO_32_BIT_CONVERSION = YES;
				GCC_WARN_ABOUT_RETURN_TYPE = YES_ERROR;
				GCC_WARN_UNDECLARED_SELECTOR = YES;
				GCC_WARN_UNINITIALIZED_AUTOS = YES_AGGRESSIVE;
				GCC_WARN_UNUSED_FUNCTION = YES;
				GCC_WARN_UNUSED_VARIABLE = YES;
				IPHONEOS_DEPLOYMENT_TARGET = 10.0;
				MTL_ENABLE_DEBUG_INFO = INCLUDE_SOURCE;
				MTL_FAST_MATH = YES;
				ONLY_ACTIVE_ARCH = YES;
				SDKROOT = iphoneos;
			};
			name = Debug;
		};
		E4BED5F526D334410033F2EB /* Release */ = {
			isa = XCBuildConfiguration;
			buildSettings = {
				ALWAYS_SEARCH_USER_PATHS = NO;
				CLANG_ANALYZER_NONNULL = YES;
				CLANG_ANALYZER_NUMBER_OBJECT_CONVERSION = YES_AGGRESSIVE;
				CLANG_CXX_LANGUAGE_STANDARD = "gnu++14";
				CLANG_CXX_LIBRARY = "libc++";
				CLANG_ENABLE_MODULES = YES;
				CLANG_ENABLE_OBJC_ARC = YES;
				CLANG_ENABLE_OBJC_WEAK = YES;
				CLANG_WARN_BLOCK_CAPTURE_AUTORELEASING = YES;
				CLANG_WARN_BOOL_CONVERSION = YES;
				CLANG_WARN_COMMA = YES;
				CLANG_WARN_CONSTANT_CONVERSION = YES;
				CLANG_WARN_DEPRECATED_OBJC_IMPLEMENTATIONS = YES;
				CLANG_WARN_DIRECT_OBJC_ISA_USAGE = YES_ERROR;
				CLANG_WARN_DOCUMENTATION_COMMENTS = YES;
				CLANG_WARN_EMPTY_BODY = YES;
				CLANG_WARN_ENUM_CONVERSION = YES;
				CLANG_WARN_INFINITE_RECURSION = YES;
				CLANG_WARN_INT_CONVERSION = YES;
				CLANG_WARN_NON_LITERAL_NULL_CONVERSION = YES;
				CLANG_WARN_OBJC_IMPLICIT_RETAIN_SELF = YES;
				CLANG_WARN_OBJC_LITERAL_CONVERSION = YES;
				CLANG_WARN_OBJC_ROOT_CLASS = YES_ERROR;
				CLANG_WARN_QUOTED_INCLUDE_IN_FRAMEWORK_HEADER = YES;
				CLANG_WARN_RANGE_LOOP_ANALYSIS = YES;
				CLANG_WARN_STRICT_PROTOTYPES = YES;
				CLANG_WARN_SUSPICIOUS_MOVE = YES;
				CLANG_WARN_UNGUARDED_AVAILABILITY = YES_AGGRESSIVE;
				CLANG_WARN_UNREACHABLE_CODE = YES;
				CLANG_WARN__DUPLICATE_METHOD_MATCH = YES;
				COPY_PHASE_STRIP = NO;
				DEBUG_INFORMATION_FORMAT = "dwarf-with-dsym";
				ENABLE_NS_ASSERTIONS = NO;
				ENABLE_STRICT_OBJC_MSGSEND = YES;
				GCC_C_LANGUAGE_STANDARD = gnu11;
				GCC_NO_COMMON_BLOCKS = YES;
				GCC_WARN_64_TO_32_BIT_CONVERSION = YES;
				GCC_WARN_ABOUT_RETURN_TYPE = YES_ERROR;
				GCC_WARN_UNDECLARED_SELECTOR = YES;
				GCC_WARN_UNINITIALIZED_AUTOS = YES_AGGRESSIVE;
				GCC_WARN_UNUSED_FUNCTION = YES;
				GCC_WARN_UNUSED_VARIABLE = YES;
				IPHONEOS_DEPLOYMENT_TARGET = 10.0;
				MTL_ENABLE_DEBUG_INFO = NO;
				MTL_FAST_MATH = YES;
				SDKROOT = iphoneos;
				VALIDATE_PRODUCT = YES;
			};
			name = Release;
		};
		E4BED5F726D334410033F2EB /* Debug */ = {
			isa = XCBuildConfiguration;
			baseConfigurationReference = 74D965FBC4E43AD6F4CE8E1C /* Pods-LearnOpenGL.debug.xcconfig */;
			buildSettings = {
				ASSETCATALOG_COMPILER_APPICON_NAME = AppIcon;
				ASSETCATALOG_COMPILER_GLOBAL_ACCENT_COLOR_NAME = AccentColor;
				CODE_SIGN_STYLE = Automatic;
				DEVELOPMENT_TEAM = DQFEA2B5H2;
				GCC_PREFIX_HEADER = LearnOpenGL/SupportingFiles/PrefixHeader.pch;
				INFOPLIST_FILE = LearnOpenGL/SupportingFiles/Info.plist;
				IPHONEOS_DEPLOYMENT_TARGET = 10.0;
				LD_RUNPATH_SEARCH_PATHS = (
					"$(inherited)",
					"@executable_path/Frameworks",
				);
				PRODUCT_BUNDLE_IDENTIFIER = "com.ZHIYUN.www.LearnOpenGL1-----";
				PRODUCT_NAME = "$(TARGET_NAME)";
				TARGETED_DEVICE_FAMILY = "1,2";
			};
			name = Debug;
		};
		E4BED5F826D334410033F2EB /* Release */ = {
			isa = XCBuildConfiguration;
			baseConfigurationReference = ABF1E9628FD39D92374D8DB6 /* Pods-LearnOpenGL.release.xcconfig */;
			buildSettings = {
				ASSETCATALOG_COMPILER_APPICON_NAME = AppIcon;
				ASSETCATALOG_COMPILER_GLOBAL_ACCENT_COLOR_NAME = AccentColor;
				CODE_SIGN_STYLE = Automatic;
				DEVELOPMENT_TEAM = DQFEA2B5H2;
				GCC_PREFIX_HEADER = LearnOpenGL/SupportingFiles/PrefixHeader.pch;
				INFOPLIST_FILE = LearnOpenGL/SupportingFiles/Info.plist;
				IPHONEOS_DEPLOYMENT_TARGET = 10.0;
				LD_RUNPATH_SEARCH_PATHS = (
					"$(inherited)",
					"@executable_path/Frameworks",
				);
				PRODUCT_BUNDLE_IDENTIFIER = "com.ZHIYUN.www.LearnOpenGL1-----";
				PRODUCT_NAME = "$(TARGET_NAME)";
				TARGETED_DEVICE_FAMILY = "1,2";
			};
			name = Release;
		};
/* End XCBuildConfiguration section */

/* Begin XCConfigurationList section */
		E4BED5D826D334390033F2EB /* Build configuration list for PBXProject "LearnOpenGL" */ = {
			isa = XCConfigurationList;
			buildConfigurations = (
				E4BED5F426D334410033F2EB /* Debug */,
				E4BED5F526D334410033F2EB /* Release */,
			);
			defaultConfigurationIsVisible = 0;
			defaultConfigurationName = Release;
		};
		E4BED5F626D334410033F2EB /* Build configuration list for PBXNativeTarget "LearnOpenGL" */ = {
			isa = XCConfigurationList;
			buildConfigurations = (
				E4BED5F726D334410033F2EB /* Debug */,
				E4BED5F826D334410033F2EB /* Release */,
			);
			defaultConfigurationIsVisible = 0;
			defaultConfigurationName = Release;
		};
/* End XCConfigurationList section */
	};
	rootObject = E4BED5D526D334390033F2EB /* Project object */;
}
