// !$*UTF8*$!
{
	archiveVersion = 1;
	classes = {
	};
	objectVersion = 50;
	objects = {

/* Begin PBXBuildFile section */
		8891F36B2728202B007BC056 /* AppDelegate.m in Sources */ = {isa = PBXBuildFile; fileRef = 8891F36A2728202B007BC056 /* AppDelegate.m */; };
		8891F3712728202B007BC056 /* ViewController.m in Sources */ = {isa = PBXBuildFile; fileRef = 8891F3702728202B007BC056 /* ViewController.m */; };
		8891F3742728202B007BC056 /* Main.storyboard in Resources */ = {isa = PBXBuildFile; fileRef = 8891F3722728202B007BC056 /* Main.storyboard */; };
		8891F3762728202E007BC056 /* Assets.xcassets in Resources */ = {isa = PBXBuildFile; fileRef = 8891F3752728202E007BC056 /* Assets.xcassets */; };
		8891F3792728202E007BC056 /* LaunchScreen.storyboard in Resources */ = {isa = PBXBuildFile; fileRef = 8891F3772728202E007BC056 /* LaunchScreen.storyboard */; };
		8891F37C2728202E007BC056 /* main.m in Sources */ = {isa = PBXBuildFile; fileRef = 8891F37B2728202E007BC056 /* main.m */; };
		8891F38D27283B4E007BC056 /* FMDownloadCell.m in Sources */ = {isa = PBXBuildFile; fileRef = 8891F38527283B4D007BC056 /* FMDownloadCell.m */; };
		8891F38E27283B4E007BC056 /* FMDownloadVC.m in Sources */ = {isa = PBXBuildFile; fileRef = 8891F38627283B4D007BC056 /* FMDownloadVC.m */; };
		8891F38F27283B4E007BC056 /* FMDownloadModel.m in Sources */ = {isa = PBXBuildFile; fileRef = 8891F38827283B4E007BC056 /* FMDownloadModel.m */; };
		8891F39027283B4E007BC056 /* FMProgressView.m in Sources */ = {isa = PBXBuildFile; fileRef = 8891F38B27283B4E007BC056 /* FMProgressView.m */; };
		8891F39A2728479D007BC056 /* FMDownloadOperation.m in Sources */ = {isa = PBXBuildFile; fileRef = 8891F3992728479D007BC056 /* FMDownloadOperation.m */; };
		B5A5B705F1F86BF28B2F0530 /* libPods-OperationTest.a in Frameworks */ = {isa = PBXBuildFile; fileRef = 1B1143C13E25C8153B984ECC /* libPods-OperationTest.a */; };
/* End PBXBuildFile section */

/* Begin PBXFileReference section */
		0883DEF7A719BD87560896F2 /* Pods-OperationTest.debug.xcconfig */ = {isa = PBXFileReference; includeInIndex = 1; lastKnownFileType = text.xcconfig; name = "Pods-OperationTest.debug.xcconfig"; path = "Target Support Files/Pods-OperationTest/Pods-OperationTest.debug.xcconfig"; sourceTree = "<group>"; };
		10CCFE518384383608C5649A /* Pods-OperationTest.release.xcconfig */ = {isa = PBXFileReference; includeInIndex = 1; lastKnownFileType = text.xcconfig; name = "Pods-OperationTest.release.xcconfig"; path = "Target Support Files/Pods-OperationTest/Pods-OperationTest.release.xcconfig"; sourceTree = "<group>"; };
		1B1143C13E25C8153B984ECC /* libPods-OperationTest.a */ = {isa = PBXFileReference; explicitFileType = archive.ar; includeInIndex = 0; path = "libPods-OperationTest.a"; sourceTree = BUILT_PRODUCTS_DIR; };
		8891F3662728202B007BC056 /* OperationTest.app */ = {isa = PBXFileReference; explicitFileType = wrapper.application; includeInIndex = 0; path = OperationTest.app; sourceTree = BUILT_PRODUCTS_DIR; };
		8891F3692728202B007BC056 /* AppDelegate.h */ = {isa = PBXFileReference; lastKnownFileType = sourcecode.c.h; path = AppDelegate.h; sourceTree = "<group>"; };
		8891F36A2728202B007BC056 /* AppDelegate.m */ = {isa = PBXFileReference; lastKnownFileType = sourcecode.c.objc; path = AppDelegate.m; sourceTree = "<group>"; };
		8891F36F2728202B007BC056 /* ViewController.h */ = {isa = PBXFileReference; lastKnownFileType = sourcecode.c.h; path = ViewController.h; sourceTree = "<group>"; };
		8891F3702728202B007BC056 /* ViewController.m */ = {isa = PBXFileReference; lastKnownFileType = sourcecode.c.objc; path = ViewController.m; sourceTree = "<group>"; };
		8891F3732728202B007BC056 /* Base */ = {isa = PBXFileReference; lastKnownFileType = file.storyboard; name = Base; path = Base.lproj/Main.storyboard; sourceTree = "<group>"; };
		8891F3752728202E007BC056 /* Assets.xcassets */ = {isa = PBXFileReference; lastKnownFileType = folder.assetcatalog; path = Assets.xcassets; sourceTree = "<group>"; };
		8891F3782728202E007BC056 /* Base */ = {isa = PBXFileReference; lastKnownFileType = file.storyboard; name = Base; path = Base.lproj/LaunchScreen.storyboard; sourceTree = "<group>"; };
		8891F37A2728202E007BC056 /* Info.plist */ = {isa = PBXFileReference; lastKnownFileType = text.plist.xml; path = Info.plist; sourceTree = "<group>"; };
		8891F37B2728202E007BC056 /* main.m */ = {isa = PBXFileReference; lastKnownFileType = sourcecode.c.objc; path = main.m; sourceTree = "<group>"; };
		8891F38527283B4D007BC056 /* FMDownloadCell.m */ = {isa = PBXFileReference; fileEncoding = 4; lastKnownFileType = sourcecode.c.objc; path = FMDownloadCell.m; sourceTree = "<group>"; };
		8891F38627283B4D007BC056 /* FMDownloadVC.m */ = {isa = PBXFileReference; fileEncoding = 4; lastKnownFileType = sourcecode.c.objc; path = FMDownloadVC.m; sourceTree = "<group>"; };
		8891F38727283B4D007BC056 /* FMDownloadCell.h */ = {isa = PBXFileReference; fileEncoding = 4; lastKnownFileType = sourcecode.c.h; path = FMDownloadCell.h; sourceTree = "<group>"; };
		8891F38827283B4E007BC056 /* FMDownloadModel.m */ = {isa = PBXFileReference; fileEncoding = 4; lastKnownFileType = sourcecode.c.objc; path = FMDownloadModel.m; sourceTree = "<group>"; };
		8891F38927283B4E007BC056 /* FMDownloadModel.h */ = {isa = PBXFileReference; fileEncoding = 4; lastKnownFileType = sourcecode.c.h; path = FMDownloadModel.h; sourceTree = "<group>"; };
		8891F38A27283B4E007BC056 /* FMDownloadVC.h */ = {isa = PBXFileReference; fileEncoding = 4; lastKnownFileType = sourcecode.c.h; path = FMDownloadVC.h; sourceTree = "<group>"; };
		8891F38B27283B4E007BC056 /* FMProgressView.m */ = {isa = PBXFileReference; fileEncoding = 4; lastKnownFileType = sourcecode.c.objc; path = FMProgressView.m; sourceTree = "<group>"; };
		8891F38C27283B4E007BC056 /* FMProgressView.h */ = {isa = PBXFileReference; fileEncoding = 4; lastKnownFileType = sourcecode.c.h; path = FMProgressView.h; sourceTree = "<group>"; };
		8891F3982728479D007BC056 /* FMDownloadOperation.h */ = {isa = PBXFileReference; lastKnownFileType = sourcecode.c.h; path = FMDownloadOperation.h; sourceTree = "<group>"; };
		8891F3992728479D007BC056 /* FMDownloadOperation.m */ = {isa = PBXFileReference; lastKnownFileType = sourcecode.c.objc; path = FMDownloadOperation.m; sourceTree = "<group>"; };
/* End PBXFileReference section */

/* Begin PBXFrameworksBuildPhase section */
		8891F3632728202B007BC056 /* Frameworks */ = {
			isa = PBXFrameworksBuildPhase;
			buildActionMask = 2147483647;
			files = (
				B5A5B705F1F86BF28B2F0530 /* libPods-OperationTest.a in Frameworks */,
			);
			runOnlyForDeploymentPostprocessing = 0;
		};
/* End PBXFrameworksBuildPhase section */

/* Begin PBXGroup section */
		47EE71996B3D28432E077A3C /* Frameworks */ = {
			isa = PBXGroup;
			children = (
				1B1143C13E25C8153B984ECC /* libPods-OperationTest.a */,
			);
			name = Frameworks;
			sourceTree = "<group>";
		};
		7A93AA542B0C9FEC9AC17E66 /* Pods */ = {
			isa = PBXGroup;
			children = (
				0883DEF7A719BD87560896F2 /* Pods-OperationTest.debug.xcconfig */,
				10CCFE518384383608C5649A /* Pods-OperationTest.release.xcconfig */,
			);
			path = Pods;
			sourceTree = "<group>";
		};
		8891F35D2728202B007BC056 = {
			isa = PBXGroup;
			children = (
				8891F3682728202B007BC056 /* OperationTest */,
				8891F3672728202B007BC056 /* Products */,
				7A93AA542B0C9FEC9AC17E66 /* Pods */,
				47EE71996B3D28432E077A3C /* Frameworks */,
			);
			sourceTree = "<group>";
		};
		8891F3672728202B007BC056 /* Products */ = {
			isa = PBXGroup;
			children = (
				8891F3662728202B007BC056 /* OperationTest.app */,
			);
			name = Products;
			sourceTree = "<group>";
		};
		8891F3682728202B007BC056 /* OperationTest */ = {
			isa = PBXGroup;
			children = (
				8891F38427283B2B007BC056 /* Classes */,
				8891F3692728202B007BC056 /* AppDelegate.h */,
				8891F36A2728202B007BC056 /* AppDelegate.m */,
				8891F36F2728202B007BC056 /* ViewController.h */,
				8891F3702728202B007BC056 /* ViewController.m */,
				8891F3722728202B007BC056 /* Main.storyboard */,
				8891F3752728202E007BC056 /* Assets.xcassets */,
				8891F3772728202E007BC056 /* LaunchScreen.storyboard */,
				8891F37A2728202E007BC056 /* Info.plist */,
				8891F37B2728202E007BC056 /* main.m */,
			);
			path = OperationTest;
			sourceTree = "<group>";
		};
		8891F38427283B2B007BC056 /* Classes */ = {
			isa = PBXGroup;
			children = (
				8891F38727283B4D007BC056 /* FMDownloadCell.h */,
				8891F38527283B4D007BC056 /* FMDownloadCell.m */,
				8891F38927283B4E007BC056 /* FMDownloadModel.h */,
				8891F38827283B4E007BC056 /* FMDownloadModel.m */,
				8891F38A27283B4E007BC056 /* FMDownloadVC.h */,
				8891F38627283B4D007BC056 /* FMDownloadVC.m */,
				8891F38C27283B4E007BC056 /* FMProgressView.h */,
				8891F38B27283B4E007BC056 /* FMProgressView.m */,
				8891F3982728479D007BC056 /* FMDownloadOperation.h */,
				8891F3992728479D007BC056 /* FMDownloadOperation.m */,
			);
			path = Classes;
			sourceTree = "<group>";
		};
/* End PBXGroup section */

/* Begin PBXNativeTarget section */
		8891F3652728202B007BC056 /* OperationTest */ = {
			isa = PBXNativeTarget;
			buildConfigurationList = 8891F37F2728202E007BC056 /* Build configuration list for PBXNativeTarget "OperationTest" */;
			buildPhases = (
				9BFEB897D0FE3F2680B4BF97 /* [CP] Check Pods Manifest.lock */,
				8891F3622728202B007BC056 /* Sources */,
				8891F3632728202B007BC056 /* Frameworks */,
				8891F3642728202B007BC056 /* Resources */,
			);
			buildRules = (
			);
			dependencies = (
			);
			name = OperationTest;
			productName = OperationTest;
			productReference = 8891F3662728202B007BC056 /* OperationTest.app */;
			productType = "com.apple.product-type.application";
		};
/* End PBXNativeTarget section */

/* Begin PBXProject section */
		8891F35E2728202B007BC056 /* Project object */ = {
			isa = PBXProject;
			attributes = {
				LastUpgradeCheck = 1240;
				TargetAttributes = {
					8891F3652728202B007BC056 = {
						CreatedOnToolsVersion = 12.4;
					};
				};
			};
			buildConfigurationList = 8891F3612728202B007BC056 /* Build configuration list for PBXProject "OperationTest" */;
			compatibilityVersion = "Xcode 9.3";
			developmentRegion = en;
			hasScannedForEncodings = 0;
			knownRegions = (
				en,
				Base,
			);
			mainGroup = 8891F35D2728202B007BC056;
			productRefGroup = 8891F3672728202B007BC056 /* Products */;
			projectDirPath = "";
			projectRoot = "";
			targets = (
				8891F3652728202B007BC056 /* OperationTest */,
			);
		};
/* End PBXProject section */

/* Begin PBXResourcesBuildPhase section */
		8891F3642728202B007BC056 /* Resources */ = {
			isa = PBXResourcesBuildPhase;
			buildActionMask = 2147483647;
			files = (
				8891F3792728202E007BC056 /* LaunchScreen.storyboard in Resources */,
				8891F3762728202E007BC056 /* Assets.xcassets in Resources */,
				8891F3742728202B007BC056 /* Main.storyboard in Resources */,
			);
			runOnlyForDeploymentPostprocessing = 0;
		};
/* End PBXResourcesBuildPhase section */

/* Begin PBXShellScriptBuildPhase section */
		9BFEB897D0FE3F2680B4BF97 /* [CP] Check Pods Manifest.lock */ = {
			isa = PBXShellScriptBuildPhase;
			buildActionMask = 2147483647;
			files = (
			);
			inputFileListPaths = (
			);
			inputPaths = (
				"${PODS_PODFILE_DIR_PATH}/Podfile.lock",
				"${PODS_ROOT}/Manifest.lock",
			);
			name = "[CP] Check Pods Manifest.lock";
			outputFileListPaths = (
			);
			outputPaths = (
				"$(DERIVED_FILE_DIR)/Pods-OperationTest-checkManifestLockResult.txt",
			);
			runOnlyForDeploymentPostprocessing = 0;
			shellPath = /bin/sh;
			shellScript = "diff \"${PODS_PODFILE_DIR_PATH}/Podfile.lock\" \"${PODS_ROOT}/Manifest.lock\" > /dev/null\nif [ $? != 0 ] ; then\n    # print error to STDERR\n    echo \"error: The sandbox is not in sync with the Podfile.lock. Run 'pod install' or update your CocoaPods installation.\" >&2\n    exit 1\nfi\n# This output is used by Xcode 'outputs' to avoid re-running this script phase.\necho \"SUCCESS\" > \"${SCRIPT_OUTPUT_FILE_0}\"\n";
			showEnvVarsInLog = 0;
		};
/* End PBXShellScriptBuildPhase section */

/* Begin PBXSourcesBuildPhase section */
		8891F3622728202B007BC056 /* Sources */ = {
			isa = PBXSourcesBuildPhase;
			buildActionMask = 2147483647;
			files = (
				8891F3712728202B007BC056 /* ViewController.m in Sources */,
				8891F36B2728202B007BC056 /* AppDelegate.m in Sources */,
				8891F38F27283B4E007BC056 /* FMDownloadModel.m in Sources */,
				8891F38D27283B4E007BC056 /* FMDownloadCell.m in Sources */,
				8891F39A2728479D007BC056 /* FMDownloadOperation.m in Sources */,
				8891F38E27283B4E007BC056 /* FMDownloadVC.m in Sources */,
				8891F37C2728202E007BC056 /* main.m in Sources */,
				8891F39027283B4E007BC056 /* FMProgressView.m in Sources */,
			);
			runOnlyForDeploymentPostprocessing = 0;
		};
/* End PBXSourcesBuildPhase section */

/* Begin PBXVariantGroup section */
		8891F3722728202B007BC056 /* Main.storyboard */ = {
			isa = PBXVariantGroup;
			children = (
				8891F3732728202B007BC056 /* Base */,
			);
			name = Main.storyboard;
			sourceTree = "<group>";
		};
		8891F3772728202E007BC056 /* LaunchScreen.storyboard */ = {
			isa = PBXVariantGroup;
			children = (
				8891F3782728202E007BC056 /* Base */,
			);
			name = LaunchScreen.storyboard;
			sourceTree = "<group>";
		};
/* End PBXVariantGroup section */

/* Begin XCBuildConfiguration section */
		8891F37D2728202E007BC056 /* Debug */ = {
			isa = XCBuildConfiguration;
			buildSettings = {
				ALWAYS_SEARCH_USER_PATHS = NO;
				CLANG_ANALYZER_NONNULL = YES;
				CLANG_ANALYZER_NUMBER_OBJECT_CONVERSION = YES_AGGRESSIVE;
				CLANG_CXX_LANGUAGE_STANDARD = "gnu++14";
				CLANG_CXX_LIBRARY = "libc++";
				CLANG_ENABLE_MODULES = YES;
				CLANG_ENABLE_OBJC_ARC = YES;
				CLANG_ENABLE_OBJC_WEAK = YES;
				CLANG_WARN_BLOCK_CAPTURE_AUTORELEASING = YES;
				CLANG_WARN_BOOL_CONVERSION = YES;
				CLANG_WARN_COMMA = YES;
				CLANG_WARN_CONSTANT_CONVERSION = YES;
				CLANG_WARN_DEPRECATED_OBJC_IMPLEMENTATIONS = YES;
				CLANG_WARN_DIRECT_OBJC_ISA_USAGE = YES_ERROR;
				CLANG_WARN_DOCUMENTATION_COMMENTS = YES;
				CLANG_WARN_EMPTY_BODY = YES;
				CLANG_WARN_ENUM_CONVERSION = YES;
				CLANG_WARN_INFINITE_RECURSION = YES;
				CLANG_WARN_INT_CONVERSION = YES;
				CLANG_WARN_NON_LITERAL_NULL_CONVERSION = YES;
				CLANG_WARN_OBJC_IMPLICIT_RETAIN_SELF = YES;
				CLANG_WARN_OBJC_LITERAL_CONVERSION = YES;
				CLANG_WARN_OBJC_ROOT_CLASS = YES_ERROR;
				CLANG_WARN_QUOTED_INCLUDE_IN_FRAMEWORK_HEADER = YES;
				CLANG_WARN_RANGE_LOOP_ANALYSIS = YES;
				CLANG_WARN_STRICT_PROTOTYPES = YES;
				CLANG_WARN_SUSPICIOUS_MOVE = YES;
				CLANG_WARN_UNGUARDED_AVAILABILITY = YES_AGGRESSIVE;
				CLANG_WARN_UNREACHABLE_CODE = YES;
				CLANG_WARN__DUPLICATE_METHOD_MATCH = YES;
				COPY_PHASE_STRIP = NO;
				DEBUG_INFORMATION_FORMAT = dwarf;
				ENABLE_STRICT_OBJC_MSGSEND = YES;
				ENABLE_TESTABILITY = YES;
				GCC_C_LANGUAGE_STANDARD = gnu11;
				GCC_DYNAMIC_NO_PIC = NO;
				GCC_NO_COMMON_BLOCKS = YES;
				GCC_OPTIMIZATION_LEVEL = 0;
				GCC_PREPROCESSOR_DEFINITIONS = (
					"DEBUG=1",
					"$(inherited)",
				);
				GCC_WARN_64_TO_32_BIT_CONVERSION = YES;
				GCC_WARN_ABOUT_RETURN_TYPE = YES_ERROR;
				GCC_WARN_UNDECLARED_SELECTOR = YES;
				GCC_WARN_UNINITIALIZED_AUTOS = YES_AGGRESSIVE;
				GCC_WARN_UNUSED_FUNCTION = YES;
				GCC_WARN_UNUSED_VARIABLE = YES;
				IPHONEOS_DEPLOYMENT_TARGET = 14.4;
				MTL_ENABLE_DEBUG_INFO = INCLUDE_SOURCE;
				MTL_FAST_MATH = YES;
				ONLY_ACTIVE_ARCH = YES;
				SDKROOT = iphoneos;
			};
			name = Debug;
		};
		8891F37E2728202E007BC056 /* Release */ = {
			isa = XCBuildConfiguration;
			buildSettings = {
				ALWAYS_SEARCH_USER_PATHS = NO;
				CLANG_ANALYZER_NONNULL = YES;
				CLANG_ANALYZER_NUMBER_OBJECT_CONVERSION = YES_AGGRESSIVE;
				CLANG_CXX_LANGUAGE_STANDARD = "gnu++14";
				CLANG_CXX_LIBRARY = "libc++";
				CLANG_ENABLE_MODULES = YES;
				CLANG_ENABLE_OBJC_ARC = YES;
				CLANG_ENABLE_OBJC_WEAK = YES;
				CLANG_WARN_BLOCK_CAPTURE_AUTORELEASING = YES;
				CLANG_WARN_BOOL_CONVERSION = YES;
				CLANG_WARN_COMMA = YES;
				CLANG_WARN_CONSTANT_CONVERSION = YES;
				CLANG_WARN_DEPRECATED_OBJC_IMPLEMENTATIONS = YES;
				CLANG_WARN_DIRECT_OBJC_ISA_USAGE = YES_ERROR;
				CLANG_WARN_DOCUMENTATION_COMMENTS = YES;
				CLANG_WARN_EMPTY_BODY = YES;
				CLANG_WARN_ENUM_CONVERSION = YES;
				CLANG_WARN_INFINITE_RECURSION = YES;
				CLANG_WARN_INT_CONVERSION = YES;
				CLANG_WARN_NON_LITERAL_NULL_CONVERSION = YES;
				CLANG_WARN_OBJC_IMPLICIT_RETAIN_SELF = YES;
				CLANG_WARN_OBJC_LITERAL_CONVERSION = YES;
				CLANG_WARN_OBJC_ROOT_CLASS = YES_ERROR;
				CLANG_WARN_QUOTED_INCLUDE_IN_FRAMEWORK_HEADER = YES;
				CLANG_WARN_RANGE_LOOP_ANALYSIS = YES;
				CLANG_WARN_STRICT_PROTOTYPES = YES;
				CLANG_WARN_SUSPICIOUS_MOVE = YES;
				CLANG_WARN_UNGUARDED_AVAILABILITY = YES_AGGRESSIVE;
				CLANG_WARN_UNREACHABLE_CODE = YES;
				CLANG_WARN__DUPLICATE_METHOD_MATCH = YES;
				COPY_PHASE_STRIP = NO;
				DEBUG_INFORMATION_FORMAT = "dwarf-with-dsym";
				ENABLE_NS_ASSERTIONS = NO;
				ENABLE_STRICT_OBJC_MSGSEND = YES;
				GCC_C_LANGUAGE_STANDARD = gnu11;
				GCC_NO_COMMON_BLOCKS = YES;
				GCC_WARN_64_TO_32_BIT_CONVERSION = YES;
				GCC_WARN_ABOUT_RETURN_TYPE = YES_ERROR;
				GCC_WARN_UNDECLARED_SELECTOR = YES;
				GCC_WARN_UNINITIALIZED_AUTOS = YES_AGGRESSIVE;
				GCC_WARN_UNUSED_FUNCTION = YES;
				GCC_WARN_UNUSED_VARIABLE = YES;
				IPHONEOS_DEPLOYMENT_TARGET = 14.4;
				MTL_ENABLE_DEBUG_INFO = NO;
				MTL_FAST_MATH = YES;
				SDKROOT = iphoneos;
				VALIDATE_PRODUCT = YES;
			};
			name = Release;
		};
		8891F3802728202E007BC056 /* Debug */ = {
			isa = XCBuildConfiguration;
			baseConfigurationReference = 0883DEF7A719BD87560896F2 /* Pods-OperationTest.debug.xcconfig */;
			buildSettings = {
				ASSETCATALOG_COMPILER_APPICON_NAME = AppIcon;
				ASSETCATALOG_COMPILER_GLOBAL_ACCENT_COLOR_NAME = AccentColor;
				CODE_SIGN_STYLE = Automatic;
				INFOPLIST_FILE = OperationTest/Info.plist;
				LD_RUNPATH_SEARCH_PATHS = (
					"$(inherited)",
					"@executable_path/Frameworks",
				);
				PRODUCT_BUNDLE_IDENTIFIER = yfm.OperationTest;
				PRODUCT_NAME = "$(TARGET_NAME)";
				TARGETED_DEVICE_FAMILY = "1,2";
			};
			name = Debug;
		};
		8891F3812728202E007BC056 /* Release */ = {
			isa = XCBuildConfiguration;
			baseConfigurationReference = 10CCFE518384383608C5649A /* Pods-OperationTest.release.xcconfig */;
			buildSettings = {
				ASSETCATALOG_COMPILER_APPICON_NAME = AppIcon;
				ASSETCATALOG_COMPILER_GLOBAL_ACCENT_COLOR_NAME = AccentColor;
				CODE_SIGN_STYLE = Automatic;
				INFOPLIST_FILE = OperationTest/Info.plist;
				LD_RUNPATH_SEARCH_PATHS = (
					"$(inherited)",
					"@executable_path/Frameworks",
				);
				PRODUCT_BUNDLE_IDENTIFIER = yfm.OperationTest;
				PRODUCT_NAME = "$(TARGET_NAME)";
				TARGETED_DEVICE_FAMILY = "1,2";
			};
			name = Release;
		};
/* End XCBuildConfiguration section */

/* Begin XCConfigurationList section */
		8891F3612728202B007BC056 /* Build configuration list for PBXProject "OperationTest" */ = {
			isa = XCConfigurationList;
			buildConfigurations = (
				8891F37D2728202E007BC056 /* Debug */,
				8891F37E2728202E007BC056 /* Release */,
			);
			defaultConfigurationIsVisible = 0;
			defaultConfigurationName = Release;
		};
		8891F37F2728202E007BC056 /* Build configuration list for PBXNativeTarget "OperationTest" */ = {
			isa = XCConfigurationList;
			buildConfigurations = (
				8891F3802728202E007BC056 /* Debug */,
				8891F3812728202E007BC056 /* Release */,
			);
			defaultConfigurationIsVisible = 0;
			defaultConfigurationName = Release;
		};
/* End XCConfigurationList section */
	};
	rootObject = 8891F35E2728202B007BC056 /* Project object */;
}
